// !$*UTF8*$!
{
	archiveVersion = 1;
	classes = {
	};
	objectVersion = 77;
	objects = {

/* Begin PBXBuildFile section */
		00D375A5EA8AC4E04D19445A /* SessionsScreen.swift in Sources */ = {isa = PBXBuildFile; fileRef = 33A654F28E691A722E5B4F02 /* SessionsScreen.swift */; };
		00D4FD7D1E850E381301E79B /* BoardPalette.swift in Sources */ = {isa = PBXBuildFile; fileRef = 63376B7513D3E5CFE45372D6 /* BoardPalette.swift */; };
		011B0517E71FDF2B9BB75A97 /* ChatBubble.swift in Sources */ = {isa = PBXBuildFile; fileRef = AAFBB71134457F46E6F2B247 /* ChatBubble.swift */; };
		02A1ED4D473E2364438AEF82 /* Nuke in Frameworks */ = {isa = PBXBuildFile; productRef = AD7CA2BAC6FD5DFD28FC0BCD /* Nuke */; };
		06B09775C2F43ADB9D2A7DDB /* CreateIssueSheet.swift in Sources */ = {isa = PBXBuildFile; fileRef = 702A0D71A27F07711AF96C4A /* CreateIssueSheet.swift */; };
		0C635EBBEF9AD782093F5594 /* BoardPalette.swift in Sources */ = {isa = PBXBuildFile; fileRef = 63376B7513D3E5CFE45372D6 /* BoardPalette.swift */; };
		0CE0E873675F3D87FC974CB1 /* AttachmentUploadService.swift in Sources */ = {isa = PBXBuildFile; fileRef = E035F81810040D898374ACEF /* AttachmentUploadService.swift */; };
		0D4B6287FB492E255C4E927C /* Nuke in Frameworks */ = {isa = PBXBuildFile; productRef = 8E67F37D82C33338077E4371 /* Nuke */; };
		0E24BCCE3258BA3081DFB21D /* VoiceViews.swift in Sources */ = {isa = PBXBuildFile; fileRef = 3FEBA7BFDBBBF6316B340FAA /* VoiceViews.swift */; };
		10A2BF960BB432E046A8392E /* DesignSemanticsTests.swift in Sources */ = {isa = PBXBuildFile; fileRef = 19CE389F4A620817A309F601 /* DesignSemanticsTests.swift */; };
		15369C112AA2304F032D157F /* MarkdownText.swift in Sources */ = {isa = PBXBuildFile; fileRef = A1A2BE598EEDA7A998AEA8DE /* MarkdownText.swift */; };
		18513E9340A65D8111F82D18 /* DomainPills.swift in Sources */ = {isa = PBXBuildFile; fileRef = 1A169A5D550028B6D20B397D /* DomainPills.swift */; };
		1C711E565B9941FC998F8265 /* WorkStore.swift in Sources */ = {isa = PBXBuildFile; fileRef = A06C1DAB866C77FF3A634D71 /* WorkStore.swift */; };
		1C7E32DFC4B2295F98363820 /* SettingsStore.swift in Sources */ = {isa = PBXBuildFile; fileRef = F876603AEC9BE7B94289CA01 /* SettingsStore.swift */; };
		1DBE4EB751A629F1664040D8 /* IssueDetailSheet.swift in Sources */ = {isa = PBXBuildFile; fileRef = 26A31E0F643092B573A4DB9D /* IssueDetailSheet.swift */; };
		1F824DF6C0CFA67F11902759 /* CompanionLocalProbe.swift in Sources */ = {isa = PBXBuildFile; fileRef = BA51DADAAAAFFE9B833D35E9 /* CompanionLocalProbe.swift */; };
		1F9726A41234F9B401F973B1 /* AgentBoardCompanionKit.framework in Embed Frameworks */ = {isa = PBXBuildFile; fileRef = DB3E71CE348AC298EB4048DE /* AgentBoardCompanionKit.framework */; settings = {ATTRIBUTES = (CodeSignOnCopy, RemoveHeadersOnCopy, ); }; };
		21BD68D1C8793B9DA7441B08 /* AgentsScreen.swift in Sources */ = {isa = PBXBuildFile; fileRef = BE362DDE00559E2C84434C13 /* AgentsScreen.swift */; };
		22AD45AE145021107CD2C0AA /* IssueDetailSheet.swift in Sources */ = {isa = PBXBuildFile; fileRef = 26A31E0F643092B573A4DB9D /* IssueDetailSheet.swift */; };
		234B04B1802DC26BE03D5265 /* DesktopTab.swift in Sources */ = {isa = PBXBuildFile; fileRef = 87B288F1A4879578BDDED47F /* DesktopTab.swift */; };
		2525C93CDB9C86D825831FC9 /* SlashCommandHandlerTests.swift in Sources */ = {isa = PBXBuildFile; fileRef = EA26177C115F337F0AC82395 /* SlashCommandHandlerTests.swift */; };
		27A53DE53D6AC0A8E55FBC88 /* SessionsScreen.swift in Sources */ = {isa = PBXBuildFile; fileRef = 33A654F28E691A722E5B4F02 /* SessionsScreen.swift */; };
		287C52CFEE7CDAF30B54A224 /* AgentsScreen.swift in Sources */ = {isa = PBXBuildFile; fileRef = BE362DDE00559E2C84434C13 /* AgentsScreen.swift */; };
		2E95ECA2CB484B2089146AD0 /* QuickLaunchSheet.swift in Sources */ = {isa = PBXBuildFile; fileRef = 1FFDF3222AEE5530E6C58DFC /* QuickLaunchSheet.swift */; };
		2EFC8887C151538585798677 /* SessionDetailSheet.swift in Sources */ = {isa = PBXBuildFile; fileRef = 05A145F7A1A70B53DF066DBD /* SessionDetailSheet.swift */; };
		30B2D9B7D1BFC77B6964A96C /* AgentBoardDesignTheme.swift in Sources */ = {isa = PBXBuildFile; fileRef = 4542E208AACDF95595A0B0D4 /* AgentBoardDesignTheme.swift */; };
		37F82839F098968527158CC9 /* EmbeddedTerminalView.swift in Sources */ = {isa = PBXBuildFile; fileRef = 4A978B41E9572538A1E74E5C /* EmbeddedTerminalView.swift */; };
		38E1089316EEC57E444A6FB1 /* MockURLProtocol.swift in Sources */ = {isa = PBXBuildFile; fileRef = 957114148477B05585A13D7C /* MockURLProtocol.swift */; };
		3D5547FD2C8499B8C8FA087B /* AudioRecorderService.swift in Sources */ = {isa = PBXBuildFile; fileRef = 39E1BE6A2B2B66CFAF5F4AC0 /* AudioRecorderService.swift */; };
		3FDBA88CC8E8D63388C757C6 /* ConfigBackupService.swift in Sources */ = {isa = PBXBuildFile; fileRef = C9679A2004F1CFD39A588CC7 /* ConfigBackupService.swift */; };
		41487A7506D835D9946C1B9E /* ChatScreen.swift in Sources */ = {isa = PBXBuildFile; fileRef = F6FDDFF5030B377E6973E969 /* ChatScreen.swift */; };
		4D05F9AAB6DA0E2642F377F4 /* ShellEnvironment.swift in Sources */ = {isa = PBXBuildFile; fileRef = 52959B32060C120BA1BB1AB7 /* ShellEnvironment.swift */; };
		4E523683F87984FFDF08FC54 /* AttachmentInteractions.swift in Sources */ = {isa = PBXBuildFile; fileRef = F31C11E46072F7E4A9FFADDB /* AttachmentInteractions.swift */; };
		5364836AF5802F65E8F2B521 /* SessionTerminalView.swift in Sources */ = {isa = PBXBuildFile; fileRef = DEDFAB3DEE21BBA70FAF2EBD /* SessionTerminalView.swift */; };
		53760C00A84FA2ED25C37019 /* SwiftTerm in Frameworks */ = {isa = PBXBuildFile; productRef = AA65C204A6A99CEBA3E4B8C4 /* SwiftTerm */; };
		5407CC8EF71865713E95B1BF /* SessionsStore.swift in Sources */ = {isa = PBXBuildFile; fileRef = A5B9C06C17BE65937A00661D /* SessionsStore.swift */; };
		58446795E6F62924439AD001 /* CompanionSQLiteStoreTests.swift in Sources */ = {isa = PBXBuildFile; fileRef = B56A44BC3ACA67014432FDD4 /* CompanionSQLiteStoreTests.swift */; };
		593E56157C2853690F31D9F4 /* SessionTerminalView.swift in Sources */ = {isa = PBXBuildFile; fileRef = DEDFAB3DEE21BBA70FAF2EBD /* SessionTerminalView.swift */; };
		5B810A52F3C78D394BE76608 /* SettingsRepository.swift in Sources */ = {isa = PBXBuildFile; fileRef = A55C723CBBB22E568A7E3D63 /* SettingsRepository.swift */; };
		6140061EE8C8004E8BB033F2 /* AgentBoardMobileApp.swift in Sources */ = {isa = PBXBuildFile; fileRef = 0B7442B7AA1CFE33776582C1 /* AgentBoardMobileApp.swift */; };
		61D20F70FEBDECFDE252645F /* AgentBoardCore.framework in Embed Frameworks */ = {isa = PBXBuildFile; fileRef = 2B26E0DCF07C395E5DA349A4 /* AgentBoardCore.framework */; settings = {ATTRIBUTES = (CodeSignOnCopy, RemoveHeadersOnCopy, ); }; };
		62108DFBD6C8CF3265C4F8A5 /* HermesGatewayClientTests.swift in Sources */ = {isa = PBXBuildFile; fileRef = 1F06E0C2FFE9CAC90D48662B /* HermesGatewayClientTests.swift */; };
		624514151F83E5FC8A4EB2F2 /* NeumorphicTheme.swift in Sources */ = {isa = PBXBuildFile; fileRef = FA4BD1071B801A6A1C9E1CEF /* NeumorphicTheme.swift */; };
		624951F647E5293DE73A2AA6 /* AgentBoardCore.framework in Embed Frameworks */ = {isa = PBXBuildFile; fileRef = 2B26E0DCF07C395E5DA349A4 /* AgentBoardCore.framework */; settings = {ATTRIBUTES = (CodeSignOnCopy, RemoveHeadersOnCopy, ); }; };
		62B59C34430276AC70136C6D /* MediaViewerView.swift in Sources */ = {isa = PBXBuildFile; fileRef = 33A8E745C7552F0B5FDF7C25 /* MediaViewerView.swift */; };
		637450D78114326A95AE3D39 /* CompanionServer.swift in Sources */ = {isa = PBXBuildFile; fileRef = 0117F7D499C266663690C9B6 /* CompanionServer.swift */; };
		64B8644401E5AFE74A627388 /* KeyboardDismissal.swift in Sources */ = {isa = PBXBuildFile; fileRef = 196C90FC0E35E33601741243 /* KeyboardDismissal.swift */; };
		663041B8ACBF6F3819DE44A6 /* AgentBoardCompanionMain.swift in Sources */ = {isa = PBXBuildFile; fileRef = 06CD1EF1E211EE615B37F28B /* AgentBoardCompanionMain.swift */; };
		6A4091B95B722862F973E0BC /* MobileRootView.swift in Sources */ = {isa = PBXBuildFile; fileRef = 959F1DE11FF3233AB9029B6D /* MobileRootView.swift */; };
		6AD44EB0146CC268B39C27E1 /* ChatScreen.swift in Sources */ = {isa = PBXBuildFile; fileRef = F6FDDFF5030B377E6973E969 /* ChatScreen.swift */; };
		6CECA83E59FDE511B3849448 /* WorkScreen.swift in Sources */ = {isa = PBXBuildFile; fileRef = 6D876290D32059BAB65A9F02 /* WorkScreen.swift */; };
		6D00DE9CB56AACF6C1A4C803 /* SettingsScreen.swift in Sources */ = {isa = PBXBuildFile; fileRef = D7A095E80382BA922486329A /* SettingsScreen.swift */; };
		6DC087141B5B07B4F293045F /* VoiceViews.swift in Sources */ = {isa = PBXBuildFile; fileRef = 3FEBA7BFDBBBF6316B340FAA /* VoiceViews.swift */; };
		6EE512882ACF48B1A60F1603 /* DomainModels.swift in Sources */ = {isa = PBXBuildFile; fileRef = 043C2F07C2F7E6DFBC165E9A /* DomainModels.swift */; };
		6F28FCEEB172015EFF5AFC70 /* WorkStoreTests.swift in Sources */ = {isa = PBXBuildFile; fileRef = BB9701D71214407E75807732 /* WorkStoreTests.swift */; };
		709B1495522FEA1AABEDEC6A /* BoardChrome.swift in Sources */ = {isa = PBXBuildFile; fileRef = 34D736CF52ACD4E2BD9D3ADC /* BoardChrome.swift */; };
		735B9E32C6B9218218F1CB8D /* AttachmentPicker.swift in Sources */ = {isa = PBXBuildFile; fileRef = 3E3C09A95E37674D30B6072F /* AttachmentPicker.swift */; };
		736771D2489A4C0C6FBB4A83 /* KeyboardDismissal.swift in Sources */ = {isa = PBXBuildFile; fileRef = 196C90FC0E35E33601741243 /* KeyboardDismissal.swift */; };
		73E3E44246ACF7764C2B96D9 /* AgentBoardCore.framework in Frameworks */ = {isa = PBXBuildFile; fileRef = 2B26E0DCF07C395E5DA349A4 /* AgentBoardCore.framework */; };
		77E2DDC0D4C0CA009FD508F0 /* EmbeddedTerminalView.swift in Sources */ = {isa = PBXBuildFile; fileRef = 4A978B41E9572538A1E74E5C /* EmbeddedTerminalView.swift */; };
		7AC30545E6D54E227C8831BA /* AgentBoardCompanionKit.framework in Frameworks */ = {isa = PBXBuildFile; fileRef = DB3E71CE348AC298EB4048DE /* AgentBoardCompanionKit.framework */; };
		7DE9CA2273E136476F38D922 /* TaskDetailSheet.swift in Sources */ = {isa = PBXBuildFile; fileRef = 651B64AF0921713BAE550D2D /* TaskDetailSheet.swift */; };
		7E6D512A772F03628C275D52 /* LaunchSessionSheet.swift in Sources */ = {isa = PBXBuildFile; fileRef = 03AD61915721952F19190205 /* LaunchSessionSheet.swift */; };
		81239439DAB83C92B81C7C96 /* AgentsStore.swift in Sources */ = {isa = PBXBuildFile; fileRef = 26BDC7F11FD4398428433E67 /* AgentsStore.swift */; };
		81CAC6C9E0241A2ADE971ADC /* CompanionClient.swift in Sources */ = {isa = PBXBuildFile; fileRef = 035DCBF4EE40EE6A14CFE890 /* CompanionClient.swift */; };
		82B58AACCD18C3D73506C751 /* AgentBoardCompanionKit.framework in Frameworks */ = {isa = PBXBuildFile; fileRef = DB3E71CE348AC298EB4048DE /* AgentBoardCompanionKit.framework */; };
		8304F715858D01DEFB812754 /* DesktopSidebar.swift in Sources */ = {isa = PBXBuildFile; fileRef = 4F7D59DE18AF7B3E0D84EF9A /* DesktopSidebar.swift */; };
		86474D9EDB4C400C89B3F5FF /* QuickLaunchSheet.swift in Sources */ = {isa = PBXBuildFile; fileRef = 1FFDF3222AEE5530E6C58DFC /* QuickLaunchSheet.swift */; };
		87A19AEDBCBE0206D4D71EFE /* DemoFixtures.swift in Sources */ = {isa = PBXBuildFile; fileRef = E20006E3DE0937110157F9D1 /* DemoFixtures.swift */; };
		891566BE5B53801826DE8CF0 /* LaunchSessionSheet.swift in Sources */ = {isa = PBXBuildFile; fileRef = 03AD61915721952F19190205 /* LaunchSessionSheet.swift */; };
		8AD4D2CC8A4C831C10AD484D /* MediaViewerView.swift in Sources */ = {isa = PBXBuildFile; fileRef = 33A8E745C7552F0B5FDF7C25 /* MediaViewerView.swift */; };
		8E7838693E07455607245B77 /* WorkScreen.swift in Sources */ = {isa = PBXBuildFile; fileRef = 6D876290D32059BAB65A9F02 /* WorkScreen.swift */; };
		961E593801A91A1EE5E55F76 /* AttachmentViews.swift in Sources */ = {isa = PBXBuildFile; fileRef = BD2941E5B6C18CF76C4621BB /* AttachmentViews.swift */; };
		96C502A1BD49F2AE81F03313 /* AttachmentModelsTests.swift in Sources */ = {isa = PBXBuildFile; fileRef = 376B52FEC631A3F6F0383459 /* AttachmentModelsTests.swift */; };
		96EEFE83B762E77B78F99B90 /* AgentBoardCore.framework in Frameworks */ = {isa = PBXBuildFile; fileRef = 2B26E0DCF07C395E5DA349A4 /* AgentBoardCore.framework */; };
		97BD3D8CCE198A034A5E0C2F /* AttachmentPicker.swift in Sources */ = {isa = PBXBuildFile; fileRef = 3E3C09A95E37674D30B6072F /* AttachmentPicker.swift */; };
		9A90C5EF45CA6630C7EA64CD /* SessionLauncherTests.swift in Sources */ = {isa = PBXBuildFile; fileRef = CE1B1DC901AD1D60B3855D38 /* SessionLauncherTests.swift */; };
		9EAAAF4FFBF10F8A576AF5BD /* SessionLauncher.swift in Sources */ = {isa = PBXBuildFile; fileRef = 08B7CE4C138A75D87781C1DB /* SessionLauncher.swift */; };
		A51107E477749B979572DD17 /* AttachmentModels.swift in Sources */ = {isa = PBXBuildFile; fileRef = C9D42E5CA1B251EA0284E8C6 /* AttachmentModels.swift */; };
		AB66AFF4128BA91808D24DB5 /* GitHubWorkService.swift in Sources */ = {isa = PBXBuildFile; fileRef = FFA60A5A5B633630F99A562B /* GitHubWorkService.swift */; };
		ABB3B9109C6F6749E7933CF2 /* DesktopRootView.swift in Sources */ = {isa = PBXBuildFile; fileRef = AAD7F0F3E84953BCE4E07275 /* DesktopRootView.swift */; };
		AC9718464408D550B64EFB4E /* ConfigBackupServiceTests.swift in Sources */ = {isa = PBXBuildFile; fileRef = E15329720160FF009D5B1535 /* ConfigBackupServiceTests.swift */; };
		AE1142F9B022F4D629BB5EF8 /* DesktopTab.swift in Sources */ = {isa = PBXBuildFile; fileRef = 87B288F1A4879578BDDED47F /* DesktopTab.swift */; };
		B01C8989FACCB9D76DD46CDF /* ChatStoreSlashCommandTests.swift in Sources */ = {isa = PBXBuildFile; fileRef = 0551DF2CA889DD84A9EFF3B7 /* ChatStoreSlashCommandTests.swift */; };
		B32E7225FAA8967B580A58A1 /* CreateIssueSheet.swift in Sources */ = {isa = PBXBuildFile; fileRef = 702A0D71A27F07711AF96C4A /* CreateIssueSheet.swift */; };
		B51F9A6B9302EDD7F2EB1437 /* BoardChrome.swift in Sources */ = {isa = PBXBuildFile; fileRef = 34D736CF52ACD4E2BD9D3ADC /* BoardChrome.swift */; };
		BAFAE9A54D7EB126DB951F33 /* AgentBoardCacheTests.swift in Sources */ = {isa = PBXBuildFile; fileRef = C8ECD5A8D1C4F9C4099CBB9C /* AgentBoardCacheTests.swift */; };
		BB98957985B7A8398A87A372 /* TaskDetailSheet.swift in Sources */ = {isa = PBXBuildFile; fileRef = 651B64AF0921713BAE550D2D /* TaskDetailSheet.swift */; };
		BC1CCDB452C13C403BFA1460 /* DomainPills.swift in Sources */ = {isa = PBXBuildFile; fileRef = 1A169A5D550028B6D20B397D /* DomainPills.swift */; };
		BCE6371A2B658B37FE0C3124 /* LinkPreviewService.swift in Sources */ = {isa = PBXBuildFile; fileRef = 54CA712A46E969ED79300E4F /* LinkPreviewService.swift */; };
		C03DE2AB570D615F55142A44 /* AgentBoardCache.swift in Sources */ = {isa = PBXBuildFile; fileRef = 3024AF0B4A66DE64BDB27E15 /* AgentBoardCache.swift */; };
		C23BCB5CF1615F000459D9E7 /* HermesGatewayClient.swift in Sources */ = {isa = PBXBuildFile; fileRef = B7B2891F313F2E1804101D36 /* HermesGatewayClient.swift */; };
		C6A73DFEFD3440E23C5AE028 /* ChatStoreAdditionalTests.swift in Sources */ = {isa = PBXBuildFile; fileRef = 30366B0DAB9553F53ACE2BE6 /* ChatStoreAdditionalTests.swift */; };
		C6F5E2BE0559A438785BBCF8 /* FoundationExtras.swift in Sources */ = {isa = PBXBuildFile; fileRef = 7ABBA014D0943EA3DA8EEB96 /* FoundationExtras.swift */; };
		C993681ECCC427965F61D4E6 /* SlashCommandHandler.swift in Sources */ = {isa = PBXBuildFile; fileRef = 0D0FBEDFA7766F71A98B48E3 /* SlashCommandHandler.swift */; };
		CB10A2005C3CAEE8253B7324 /* LabelSchema.swift in Sources */ = {isa = PBXBuildFile; fileRef = AE2A97A08B0556443C6746EC /* LabelSchema.swift */; };
		D2F03218C8433B59598A04D5 /* GitHubWorkServiceTests.swift in Sources */ = {isa = PBXBuildFile; fileRef = 6C0ED2A504BC7E3CA18E4094 /* GitHubWorkServiceTests.swift */; };
		D4674853A5F6064FC3E65542 /* SettingsStoreTests.swift in Sources */ = {isa = PBXBuildFile; fileRef = B4813FBD80F9AC10D1A51841 /* SettingsStoreTests.swift */; };
		D5FE06BE70E2B8AFB20C40B5 /* DesktopSidebar.swift in Sources */ = {isa = PBXBuildFile; fileRef = 4F7D59DE18AF7B3E0D84EF9A /* DesktopSidebar.swift */; };
		DB87AF9AF4B7456FBDD3F011 /* SettingsScreen.swift in Sources */ = {isa = PBXBuildFile; fileRef = D7A095E80382BA922486329A /* SettingsScreen.swift */; };
		DC38BD815D6E073F6D62E1D7 /* NeumorphicTheme.swift in Sources */ = {isa = PBXBuildFile; fileRef = FA4BD1071B801A6A1C9E1CEF /* NeumorphicTheme.swift */; };
		DD6C36042860EA2D423261EE /* SessionDetailSheet.swift in Sources */ = {isa = PBXBuildFile; fileRef = 05A145F7A1A70B53DF066DBD /* SessionDetailSheet.swift */; };
		DE5629641FE81BB20A7186A9 /* MarkdownText.swift in Sources */ = {isa = PBXBuildFile; fileRef = A1A2BE598EEDA7A998AEA8DE /* MarkdownText.swift */; };
		E1025BED622BADB001F95D4D /* CompanionSQLiteStore.swift in Sources */ = {isa = PBXBuildFile; fileRef = 06C0FE6A5C6D69E553E904D0 /* CompanionSQLiteStore.swift */; };
		E1F05B25E20BE9959941A7A9 /* AttachmentViews.swift in Sources */ = {isa = PBXBuildFile; fileRef = BD2941E5B6C18CF76C4621BB /* AttachmentViews.swift */; };
		E4EEFF2D183520968ACAA803 /* ChatStore.swift in Sources */ = {isa = PBXBuildFile; fileRef = 3736AF6A2D292014811DA50A /* ChatStore.swift */; };
		EB912DFB4FD8ED106AE6C02C /* ChatBubble.swift in Sources */ = {isa = PBXBuildFile; fileRef = AAFBB71134457F46E6F2B247 /* ChatBubble.swift */; };
		EEE501D250CCB4E6D2D60418 /* NukeUI in Frameworks */ = {isa = PBXBuildFile; productRef = 28BE44876742C1F619FDD2CA /* NukeUI */; };
		F22F4D3D2D3D20A5B3DD6B20 /* AgentBoardAppModel.swift in Sources */ = {isa = PBXBuildFile; fileRef = D4C9640747C8B7AE6E92BB20 /* AgentBoardAppModel.swift */; };
		F374477884080894A1322DCE /* AppDestination.swift in Sources */ = {isa = PBXBuildFile; fileRef = 78ED2576E35E0964839427AD /* AppDestination.swift */; };
		F3D458595223FE83DD26EDC5 /* NukeUI in Frameworks */ = {isa = PBXBuildFile; productRef = AA403A62FC0CC3B341A2D00B /* NukeUI */; };
		F595A9354548F0B6A8A8F2E3 /* AgentBoardCore.framework in Frameworks */ = {isa = PBXBuildFile; fileRef = 2B26E0DCF07C395E5DA349A4 /* AgentBoardCore.framework */; };
		F78742DD742A458919E091C0 /* AgentBoardCore.framework in Embed Frameworks */ = {isa = PBXBuildFile; fileRef = 2B26E0DCF07C395E5DA349A4 /* AgentBoardCore.framework */; settings = {ATTRIBUTES = (CodeSignOnCopy, RemoveHeadersOnCopy, ); }; };
		FD03671AAB65C52CE827D3DA /* AgentBoardCore.framework in Frameworks */ = {isa = PBXBuildFile; fileRef = 2B26E0DCF07C395E5DA349A4 /* AgentBoardCore.framework */; };
		FD05A98C162D7CC536D93096 /* AgentBoardApp.swift in Sources */ = {isa = PBXBuildFile; fileRef = AC92FF930020DC82D470A002 /* AgentBoardApp.swift */; };
		FE8D645DBA85A27F0139427B /* AttachmentInteractions.swift in Sources */ = {isa = PBXBuildFile; fileRef = F31C11E46072F7E4A9FFADDB /* AttachmentInteractions.swift */; };
		FF4D3F1289548330CC170576 /* ChatStoreTests.swift in Sources */ = {isa = PBXBuildFile; fileRef = 7F925ACBB136730BD7852D8B /* ChatStoreTests.swift */; };
/* End PBXBuildFile section */

/* Begin PBXContainerItemProxy section */
		047F2A4DF9F7D2DA8067ABEF /* PBXContainerItemProxy */ = {
			isa = PBXContainerItemProxy;
			containerPortal = 6CFA7F86B313B0C9467883C0 /* Project object */;
			proxyType = 1;
			remoteGlobalIDString = 79197A3483E99C6554DAEA1C;
			remoteInfo = AgentBoardCompanionKit;
		};
		4A5B6E010E2F33DDFC52C1E6 /* PBXContainerItemProxy */ = {
			isa = PBXContainerItemProxy;
			containerPortal = 6CFA7F86B313B0C9467883C0 /* Project object */;
			proxyType = 1;
			remoteGlobalIDString = 0130697901B0CAC5BD173950;
			remoteInfo = AgentBoardCore;
		};
		A263D96937A9A33DB1CE56CA /* PBXContainerItemProxy */ = {
			isa = PBXContainerItemProxy;
			containerPortal = 6CFA7F86B313B0C9467883C0 /* Project object */;
			proxyType = 1;
			remoteGlobalIDString = 0130697901B0CAC5BD173950;
			remoteInfo = AgentBoardCore;
		};
		C9C1493B2B11689A0438278B /* PBXContainerItemProxy */ = {
			isa = PBXContainerItemProxy;
			containerPortal = 6CFA7F86B313B0C9467883C0 /* Project object */;
			proxyType = 1;
			remoteGlobalIDString = 79197A3483E99C6554DAEA1C;
			remoteInfo = AgentBoardCompanionKit;
		};
		D284EC6914D419E901E332DE /* PBXContainerItemProxy */ = {
			isa = PBXContainerItemProxy;
			containerPortal = 6CFA7F86B313B0C9467883C0 /* Project object */;
			proxyType = 1;
			remoteGlobalIDString = 0130697901B0CAC5BD173950;
			remoteInfo = AgentBoardCore;
		};
		F17DB5A5E588BE179ACD16C3 /* PBXContainerItemProxy */ = {
			isa = PBXContainerItemProxy;
			containerPortal = 6CFA7F86B313B0C9467883C0 /* Project object */;
			proxyType = 1;
			remoteGlobalIDString = 0130697901B0CAC5BD173950;
			remoteInfo = AgentBoardCore;
		};
/* End PBXContainerItemProxy section */

/* Begin PBXCopyFilesBuildPhase section */
		2CB69FB7FA132091FBEB8464 /* Embed Frameworks */ = {
			isa = PBXCopyFilesBuildPhase;
			buildActionMask = 2147483647;
			dstPath = "";
			dstSubfolderSpec = 10;
			files = (
				624951F647E5293DE73A2AA6 /* AgentBoardCore.framework in Embed Frameworks */,
			);
			name = "Embed Frameworks";
			runOnlyForDeploymentPostprocessing = 0;
		};
		AD5AFE3DEAB4C61D9C2254AE /* Embed Frameworks */ = {
			isa = PBXCopyFilesBuildPhase;
			buildActionMask = 2147483647;
			dstPath = "";
			dstSubfolderSpec = 10;
			files = (
				F78742DD742A458919E091C0 /* AgentBoardCore.framework in Embed Frameworks */,
				1F9726A41234F9B401F973B1 /* AgentBoardCompanionKit.framework in Embed Frameworks */,
			);
			name = "Embed Frameworks";
			runOnlyForDeploymentPostprocessing = 0;
		};
		E0510FAFD961E02F730428C2 /* Embed Frameworks */ = {
			isa = PBXCopyFilesBuildPhase;
			buildActionMask = 2147483647;
			dstPath = "";
			dstSubfolderSpec = 10;
			files = (
				61D20F70FEBDECFDE252645F /* AgentBoardCore.framework in Embed Frameworks */,
			);
			name = "Embed Frameworks";
			runOnlyForDeploymentPostprocessing = 0;
		};
/* End PBXCopyFilesBuildPhase section */

/* Begin PBXFileReference section */
		0117F7D499C266663690C9B6 /* CompanionServer.swift */ = {isa = PBXFileReference; lastKnownFileType = sourcecode.swift; path = CompanionServer.swift; sourceTree = "<group>"; };
		035DCBF4EE40EE6A14CFE890 /* CompanionClient.swift */ = {isa = PBXFileReference; lastKnownFileType = sourcecode.swift; path = CompanionClient.swift; sourceTree = "<group>"; };
		03AD61915721952F19190205 /* LaunchSessionSheet.swift */ = {isa = PBXFileReference; lastKnownFileType = sourcecode.swift; path = LaunchSessionSheet.swift; sourceTree = "<group>"; };
		043C2F07C2F7E6DFBC165E9A /* DomainModels.swift */ = {isa = PBXFileReference; lastKnownFileType = sourcecode.swift; path = DomainModels.swift; sourceTree = "<group>"; };
		0551DF2CA889DD84A9EFF3B7 /* ChatStoreSlashCommandTests.swift */ = {isa = PBXFileReference; lastKnownFileType = sourcecode.swift; path = ChatStoreSlashCommandTests.swift; sourceTree = "<group>"; };
		05A145F7A1A70B53DF066DBD /* SessionDetailSheet.swift */ = {isa = PBXFileReference; lastKnownFileType = sourcecode.swift; path = SessionDetailSheet.swift; sourceTree = "<group>"; };
		06C0FE6A5C6D69E553E904D0 /* CompanionSQLiteStore.swift */ = {isa = PBXFileReference; lastKnownFileType = sourcecode.swift; path = CompanionSQLiteStore.swift; sourceTree = "<group>"; };
		06CD1EF1E211EE615B37F28B /* AgentBoardCompanionMain.swift */ = {isa = PBXFileReference; lastKnownFileType = sourcecode.swift; path = AgentBoardCompanionMain.swift; sourceTree = "<group>"; };
		08B7CE4C138A75D87781C1DB /* SessionLauncher.swift */ = {isa = PBXFileReference; lastKnownFileType = sourcecode.swift; path = SessionLauncher.swift; sourceTree = "<group>"; };
		0B7442B7AA1CFE33776582C1 /* AgentBoardMobileApp.swift */ = {isa = PBXFileReference; lastKnownFileType = sourcecode.swift; path = AgentBoardMobileApp.swift; sourceTree = "<group>"; };
		0D0FBEDFA7766F71A98B48E3 /* SlashCommandHandler.swift */ = {isa = PBXFileReference; lastKnownFileType = sourcecode.swift; path = SlashCommandHandler.swift; sourceTree = "<group>"; };
		196C90FC0E35E33601741243 /* KeyboardDismissal.swift */ = {isa = PBXFileReference; lastKnownFileType = sourcecode.swift; path = KeyboardDismissal.swift; sourceTree = "<group>"; };
		19CE389F4A620817A309F601 /* DesignSemanticsTests.swift */ = {isa = PBXFileReference; lastKnownFileType = sourcecode.swift; path = DesignSemanticsTests.swift; sourceTree = "<group>"; };
		1A169A5D550028B6D20B397D /* DomainPills.swift */ = {isa = PBXFileReference; lastKnownFileType = sourcecode.swift; path = DomainPills.swift; sourceTree = "<group>"; };
		1F06E0C2FFE9CAC90D48662B /* HermesGatewayClientTests.swift */ = {isa = PBXFileReference; lastKnownFileType = sourcecode.swift; path = HermesGatewayClientTests.swift; sourceTree = "<group>"; };
		1FFDF3222AEE5530E6C58DFC /* QuickLaunchSheet.swift */ = {isa = PBXFileReference; lastKnownFileType = sourcecode.swift; path = QuickLaunchSheet.swift; sourceTree = "<group>"; };
		26A31E0F643092B573A4DB9D /* IssueDetailSheet.swift */ = {isa = PBXFileReference; lastKnownFileType = sourcecode.swift; path = IssueDetailSheet.swift; sourceTree = "<group>"; };
		26BDC7F11FD4398428433E67 /* AgentsStore.swift */ = {isa = PBXFileReference; lastKnownFileType = sourcecode.swift; path = AgentsStore.swift; sourceTree = "<group>"; };
		2B26E0DCF07C395E5DA349A4 /* AgentBoardCore.framework */ = {isa = PBXFileReference; explicitFileType = wrapper.framework; includeInIndex = 0; path = AgentBoardCore.framework; sourceTree = BUILT_PRODUCTS_DIR; };
		2E342B801493E6187C7DFC1E /* AgentBoardTests.xctest */ = {isa = PBXFileReference; explicitFileType = wrapper.cfbundle; includeInIndex = 0; path = AgentBoardTests.xctest; sourceTree = BUILT_PRODUCTS_DIR; };
		3024AF0B4A66DE64BDB27E15 /* AgentBoardCache.swift */ = {isa = PBXFileReference; lastKnownFileType = sourcecode.swift; path = AgentBoardCache.swift; sourceTree = "<group>"; };
		30366B0DAB9553F53ACE2BE6 /* ChatStoreAdditionalTests.swift */ = {isa = PBXFileReference; lastKnownFileType = sourcecode.swift; path = ChatStoreAdditionalTests.swift; sourceTree = "<group>"; };
		33A654F28E691A722E5B4F02 /* SessionsScreen.swift */ = {isa = PBXFileReference; lastKnownFileType = sourcecode.swift; path = SessionsScreen.swift; sourceTree = "<group>"; };
		33A8E745C7552F0B5FDF7C25 /* MediaViewerView.swift */ = {isa = PBXFileReference; lastKnownFileType = sourcecode.swift; path = MediaViewerView.swift; sourceTree = "<group>"; };
		34D736CF52ACD4E2BD9D3ADC /* BoardChrome.swift */ = {isa = PBXFileReference; lastKnownFileType = sourcecode.swift; path = BoardChrome.swift; sourceTree = "<group>"; };
		351F53C221B69731A024B864 /* AgentBoard.app */ = {isa = PBXFileReference; explicitFileType = wrapper.application; includeInIndex = 0; path = AgentBoard.app; sourceTree = BUILT_PRODUCTS_DIR; };
		3736AF6A2D292014811DA50A /* ChatStore.swift */ = {isa = PBXFileReference; lastKnownFileType = sourcecode.swift; path = ChatStore.swift; sourceTree = "<group>"; };
		376B52FEC631A3F6F0383459 /* AttachmentModelsTests.swift */ = {isa = PBXFileReference; lastKnownFileType = sourcecode.swift; path = AttachmentModelsTests.swift; sourceTree = "<group>"; };
		39E1BE6A2B2B66CFAF5F4AC0 /* AudioRecorderService.swift */ = {isa = PBXFileReference; lastKnownFileType = sourcecode.swift; path = AudioRecorderService.swift; sourceTree = "<group>"; };
		3ADA8E5D658DD9FC115C700D /* Info.plist */ = {isa = PBXFileReference; lastKnownFileType = text.plist; path = Info.plist; sourceTree = "<group>"; };
		3E3C09A95E37674D30B6072F /* AttachmentPicker.swift */ = {isa = PBXFileReference; lastKnownFileType = sourcecode.swift; path = AttachmentPicker.swift; sourceTree = "<group>"; };
		3FEBA7BFDBBBF6316B340FAA /* VoiceViews.swift */ = {isa = PBXFileReference; lastKnownFileType = sourcecode.swift; path = VoiceViews.swift; sourceTree = "<group>"; };
		4542E208AACDF95595A0B0D4 /* AgentBoardDesignTheme.swift */ = {isa = PBXFileReference; lastKnownFileType = sourcecode.swift; path = AgentBoardDesignTheme.swift; sourceTree = "<group>"; };
		4A978B41E9572538A1E74E5C /* EmbeddedTerminalView.swift */ = {isa = PBXFileReference; lastKnownFileType = sourcecode.swift; path = EmbeddedTerminalView.swift; sourceTree = "<group>"; };
		4F7D59DE18AF7B3E0D84EF9A /* DesktopSidebar.swift */ = {isa = PBXFileReference; lastKnownFileType = sourcecode.swift; path = DesktopSidebar.swift; sourceTree = "<group>"; };
		52959B32060C120BA1BB1AB7 /* ShellEnvironment.swift */ = {isa = PBXFileReference; lastKnownFileType = sourcecode.swift; path = ShellEnvironment.swift; sourceTree = "<group>"; };
		54CA712A46E969ED79300E4F /* LinkPreviewService.swift */ = {isa = PBXFileReference; lastKnownFileType = sourcecode.swift; path = LinkPreviewService.swift; sourceTree = "<group>"; };
		5F60733BA5BCAD5BD388E855 /* AgentBoardMobile.app */ = {isa = PBXFileReference; includeInIndex = 0; lastKnownFileType = wrapper.application; path = AgentBoardMobile.app; sourceTree = BUILT_PRODUCTS_DIR; };
		63376B7513D3E5CFE45372D6 /* BoardPalette.swift */ = {isa = PBXFileReference; lastKnownFileType = sourcecode.swift; path = BoardPalette.swift; sourceTree = "<group>"; };
		651B64AF0921713BAE550D2D /* TaskDetailSheet.swift */ = {isa = PBXFileReference; lastKnownFileType = sourcecode.swift; path = TaskDetailSheet.swift; sourceTree = "<group>"; };
		6C0ED2A504BC7E3CA18E4094 /* GitHubWorkServiceTests.swift */ = {isa = PBXFileReference; lastKnownFileType = sourcecode.swift; path = GitHubWorkServiceTests.swift; sourceTree = "<group>"; };
		6D876290D32059BAB65A9F02 /* WorkScreen.swift */ = {isa = PBXFileReference; lastKnownFileType = sourcecode.swift; path = WorkScreen.swift; sourceTree = "<group>"; };
		702A0D71A27F07711AF96C4A /* CreateIssueSheet.swift */ = {isa = PBXFileReference; lastKnownFileType = sourcecode.swift; path = CreateIssueSheet.swift; sourceTree = "<group>"; };
		78ED2576E35E0964839427AD /* AppDestination.swift */ = {isa = PBXFileReference; lastKnownFileType = sourcecode.swift; path = AppDestination.swift; sourceTree = "<group>"; };
		7ABBA014D0943EA3DA8EEB96 /* FoundationExtras.swift */ = {isa = PBXFileReference; lastKnownFileType = sourcecode.swift; path = FoundationExtras.swift; sourceTree = "<group>"; };
		7F925ACBB136730BD7852D8B /* ChatStoreTests.swift */ = {isa = PBXFileReference; lastKnownFileType = sourcecode.swift; path = ChatStoreTests.swift; sourceTree = "<group>"; };
		87B288F1A4879578BDDED47F /* DesktopTab.swift */ = {isa = PBXFileReference; lastKnownFileType = sourcecode.swift; path = DesktopTab.swift; sourceTree = "<group>"; };
		957114148477B05585A13D7C /* MockURLProtocol.swift */ = {isa = PBXFileReference; lastKnownFileType = sourcecode.swift; path = MockURLProtocol.swift; sourceTree = "<group>"; };
		959F1DE11FF3233AB9029B6D /* MobileRootView.swift */ = {isa = PBXFileReference; lastKnownFileType = sourcecode.swift; path = MobileRootView.swift; sourceTree = "<group>"; };
		A06C1DAB866C77FF3A634D71 /* WorkStore.swift */ = {isa = PBXFileReference; lastKnownFileType = sourcecode.swift; path = WorkStore.swift; sourceTree = "<group>"; };
		A1A2BE598EEDA7A998AEA8DE /* MarkdownText.swift */ = {isa = PBXFileReference; lastKnownFileType = sourcecode.swift; path = MarkdownText.swift; sourceTree = "<group>"; };
		A55C723CBBB22E568A7E3D63 /* SettingsRepository.swift */ = {isa = PBXFileReference; lastKnownFileType = sourcecode.swift; path = SettingsRepository.swift; sourceTree = "<group>"; };
		A5B9C06C17BE65937A00661D /* SessionsStore.swift */ = {isa = PBXFileReference; lastKnownFileType = sourcecode.swift; path = SessionsStore.swift; sourceTree = "<group>"; };
		AAD7F0F3E84953BCE4E07275 /* DesktopRootView.swift */ = {isa = PBXFileReference; lastKnownFileType = sourcecode.swift; path = DesktopRootView.swift; sourceTree = "<group>"; };
		AAFBB71134457F46E6F2B247 /* ChatBubble.swift */ = {isa = PBXFileReference; lastKnownFileType = sourcecode.swift; path = ChatBubble.swift; sourceTree = "<group>"; };
		AC92FF930020DC82D470A002 /* AgentBoardApp.swift */ = {isa = PBXFileReference; lastKnownFileType = sourcecode.swift; path = AgentBoardApp.swift; sourceTree = "<group>"; };
		AE2A97A08B0556443C6746EC /* LabelSchema.swift */ = {isa = PBXFileReference; lastKnownFileType = sourcecode.swift; path = LabelSchema.swift; sourceTree = "<group>"; };
		B4813FBD80F9AC10D1A51841 /* SettingsStoreTests.swift */ = {isa = PBXFileReference; lastKnownFileType = sourcecode.swift; path = SettingsStoreTests.swift; sourceTree = "<group>"; };
		B56A44BC3ACA67014432FDD4 /* CompanionSQLiteStoreTests.swift */ = {isa = PBXFileReference; lastKnownFileType = sourcecode.swift; path = CompanionSQLiteStoreTests.swift; sourceTree = "<group>"; };
		B7B2891F313F2E1804101D36 /* HermesGatewayClient.swift */ = {isa = PBXFileReference; lastKnownFileType = sourcecode.swift; path = HermesGatewayClient.swift; sourceTree = "<group>"; };
		BA51DADAAAAFFE9B833D35E9 /* CompanionLocalProbe.swift */ = {isa = PBXFileReference; lastKnownFileType = sourcecode.swift; path = CompanionLocalProbe.swift; sourceTree = "<group>"; };
		BB9701D71214407E75807732 /* WorkStoreTests.swift */ = {isa = PBXFileReference; lastKnownFileType = sourcecode.swift; path = WorkStoreTests.swift; sourceTree = "<group>"; };
		BD2941E5B6C18CF76C4621BB /* AttachmentViews.swift */ = {isa = PBXFileReference; lastKnownFileType = sourcecode.swift; path = AttachmentViews.swift; sourceTree = "<group>"; };
		BE362DDE00559E2C84434C13 /* AgentsScreen.swift */ = {isa = PBXFileReference; lastKnownFileType = sourcecode.swift; path = AgentsScreen.swift; sourceTree = "<group>"; };
		C8ECD5A8D1C4F9C4099CBB9C /* AgentBoardCacheTests.swift */ = {isa = PBXFileReference; lastKnownFileType = sourcecode.swift; path = AgentBoardCacheTests.swift; sourceTree = "<group>"; };
		C9679A2004F1CFD39A588CC7 /* ConfigBackupService.swift */ = {isa = PBXFileReference; lastKnownFileType = sourcecode.swift; path = ConfigBackupService.swift; sourceTree = "<group>"; };
		C9D42E5CA1B251EA0284E8C6 /* AttachmentModels.swift */ = {isa = PBXFileReference; lastKnownFileType = sourcecode.swift; path = AttachmentModels.swift; sourceTree = "<group>"; };
		CE1B1DC901AD1D60B3855D38 /* SessionLauncherTests.swift */ = {isa = PBXFileReference; lastKnownFileType = sourcecode.swift; path = SessionLauncherTests.swift; sourceTree = "<group>"; };
		D4C9640747C8B7AE6E92BB20 /* AgentBoardAppModel.swift */ = {isa = PBXFileReference; lastKnownFileType = sourcecode.swift; path = AgentBoardAppModel.swift; sourceTree = "<group>"; };
		D7A095E80382BA922486329A /* SettingsScreen.swift */ = {isa = PBXFileReference; lastKnownFileType = sourcecode.swift; path = SettingsScreen.swift; sourceTree = "<group>"; };
		DB3E71CE348AC298EB4048DE /* AgentBoardCompanionKit.framework */ = {isa = PBXFileReference; explicitFileType = wrapper.framework; includeInIndex = 0; path = AgentBoardCompanionKit.framework; sourceTree = BUILT_PRODUCTS_DIR; };
		DBD5578CD361B8A4976B9A0A /* AgentBoardCompanion */ = {isa = PBXFileReference; includeInIndex = 0; path = AgentBoardCompanion; sourceTree = BUILT_PRODUCTS_DIR; };
		DEDFAB3DEE21BBA70FAF2EBD /* SessionTerminalView.swift */ = {isa = PBXFileReference; lastKnownFileType = sourcecode.swift; path = SessionTerminalView.swift; sourceTree = "<group>"; };
		E035F81810040D898374ACEF /* AttachmentUploadService.swift */ = {isa = PBXFileReference; lastKnownFileType = sourcecode.swift; path = AttachmentUploadService.swift; sourceTree = "<group>"; };
		E15329720160FF009D5B1535 /* ConfigBackupServiceTests.swift */ = {isa = PBXFileReference; lastKnownFileType = sourcecode.swift; path = ConfigBackupServiceTests.swift; sourceTree = "<group>"; };
		E20006E3DE0937110157F9D1 /* DemoFixtures.swift */ = {isa = PBXFileReference; lastKnownFileType = sourcecode.swift; path = DemoFixtures.swift; sourceTree = "<group>"; };
		E5D0E8B7659AAF04AFAA20AD /* Info.plist */ = {isa = PBXFileReference; lastKnownFileType = text.plist; path = Info.plist; sourceTree = "<group>"; };
		EA26177C115F337F0AC82395 /* SlashCommandHandlerTests.swift */ = {isa = PBXFileReference; lastKnownFileType = sourcecode.swift; path = SlashCommandHandlerTests.swift; sourceTree = "<group>"; };
		F31C11E46072F7E4A9FFADDB /* AttachmentInteractions.swift */ = {isa = PBXFileReference; lastKnownFileType = sourcecode.swift; path = AttachmentInteractions.swift; sourceTree = "<group>"; };
		F6FDDFF5030B377E6973E969 /* ChatScreen.swift */ = {isa = PBXFileReference; lastKnownFileType = sourcecode.swift; path = ChatScreen.swift; sourceTree = "<group>"; };
		F876603AEC9BE7B94289CA01 /* SettingsStore.swift */ = {isa = PBXFileReference; lastKnownFileType = sourcecode.swift; path = SettingsStore.swift; sourceTree = "<group>"; };
		FA4BD1071B801A6A1C9E1CEF /* NeumorphicTheme.swift */ = {isa = PBXFileReference; lastKnownFileType = sourcecode.swift; path = NeumorphicTheme.swift; sourceTree = "<group>"; };
		FFA60A5A5B633630F99A562B /* GitHubWorkService.swift */ = {isa = PBXFileReference; lastKnownFileType = sourcecode.swift; path = GitHubWorkService.swift; sourceTree = "<group>"; };
/* End PBXFileReference section */

/* Begin PBXFrameworksBuildPhase section */
		0D326533098B690337045128 /* Frameworks */ = {
			isa = PBXFrameworksBuildPhase;
			buildActionMask = 2147483647;
			files = (
				F595A9354548F0B6A8A8F2E3 /* AgentBoardCore.framework in Frameworks */,
				02A1ED4D473E2364438AEF82 /* Nuke in Frameworks */,
				F3D458595223FE83DD26EDC5 /* NukeUI in Frameworks */,
			);
			runOnlyForDeploymentPostprocessing = 0;
		};
		6EF8E0BE154BB913794037D3 /* Frameworks */ = {
			isa = PBXFrameworksBuildPhase;
			buildActionMask = 2147483647;
			files = (
				73E3E44246ACF7764C2B96D9 /* AgentBoardCore.framework in Frameworks */,
				0D4B6287FB492E255C4E927C /* Nuke in Frameworks */,
				EEE501D250CCB4E6D2D60418 /* NukeUI in Frameworks */,
				53760C00A84FA2ED25C37019 /* SwiftTerm in Frameworks */,
			);
			runOnlyForDeploymentPostprocessing = 0;
		};
		E2F4C58549051E175ADACF03 /* Frameworks */ = {
			isa = PBXFrameworksBuildPhase;
			buildActionMask = 2147483647;
			files = (
				82B58AACCD18C3D73506C751 /* AgentBoardCompanionKit.framework in Frameworks */,
			);
			runOnlyForDeploymentPostprocessing = 0;
		};
		EEA6F3782B7FF9EA6E45B87F /* Frameworks */ = {
			isa = PBXFrameworksBuildPhase;
			buildActionMask = 2147483647;
			files = (
				FD03671AAB65C52CE827D3DA /* AgentBoardCore.framework in Frameworks */,
			);
			runOnlyForDeploymentPostprocessing = 0;
		};
		F0A028B39BCDB89E182E277F /* Frameworks */ = {
			isa = PBXFrameworksBuildPhase;
			buildActionMask = 2147483647;
			files = (
				96EEFE83B762E77B78F99B90 /* AgentBoardCore.framework in Frameworks */,
				7AC30545E6D54E227C8831BA /* AgentBoardCompanionKit.framework in Frameworks */,
			);
			runOnlyForDeploymentPostprocessing = 0;
		};
/* End PBXFrameworksBuildPhase section */

/* Begin PBXGroup section */
		3377BF40CC9BC55EF11371E5 /* AgentBoardTests */ = {
			isa = PBXGroup;
			children = (
				C8ECD5A8D1C4F9C4099CBB9C /* AgentBoardCacheTests.swift */,
				376B52FEC631A3F6F0383459 /* AttachmentModelsTests.swift */,
				30366B0DAB9553F53ACE2BE6 /* ChatStoreAdditionalTests.swift */,
				0551DF2CA889DD84A9EFF3B7 /* ChatStoreSlashCommandTests.swift */,
				7F925ACBB136730BD7852D8B /* ChatStoreTests.swift */,
				B56A44BC3ACA67014432FDD4 /* CompanionSQLiteStoreTests.swift */,
				E15329720160FF009D5B1535 /* ConfigBackupServiceTests.swift */,
				19CE389F4A620817A309F601 /* DesignSemanticsTests.swift */,
				6C0ED2A504BC7E3CA18E4094 /* GitHubWorkServiceTests.swift */,
				1F06E0C2FFE9CAC90D48662B /* HermesGatewayClientTests.swift */,
				957114148477B05585A13D7C /* MockURLProtocol.swift */,
				CE1B1DC901AD1D60B3855D38 /* SessionLauncherTests.swift */,
				B4813FBD80F9AC10D1A51841 /* SettingsStoreTests.swift */,
				EA26177C115F337F0AC82395 /* SlashCommandHandlerTests.swift */,
				BB9701D71214407E75807732 /* WorkStoreTests.swift */,
			);
			path = AgentBoardTests;
			sourceTree = "<group>";
		};
		3F5E9E3E868FF270A2BE8B10 /* Models */ = {
			isa = PBXGroup;
			children = (
				4542E208AACDF95595A0B0D4 /* AgentBoardDesignTheme.swift */,
				78ED2576E35E0964839427AD /* AppDestination.swift */,
				C9D42E5CA1B251EA0284E8C6 /* AttachmentModels.swift */,
				E20006E3DE0937110157F9D1 /* DemoFixtures.swift */,
				043C2F07C2F7E6DFBC165E9A /* DomainModels.swift */,
				AE2A97A08B0556443C6746EC /* LabelSchema.swift */,
			);
			path = Models;
			sourceTree = "<group>";
		};
		4EDAA7062EBAFBD9982629C8 /* AgentBoardCore */ = {
			isa = PBXGroup;
			children = (
				3F5E9E3E868FF270A2BE8B10 /* Models */,
				86F714B890A49D7093B3CB4E /* Persistence */,
				6ACBB24CD79AF9F63AFC7AC3 /* Services */,
				A250741B1516BCF2424C2293 /* Stores */,
				77550C91E5B3A6CD87A09C91 /* Support */,
			);
			path = AgentBoardCore;
			sourceTree = "<group>";
		};
		61370C45975EBD132AB4536C /* AgentBoard */ = {
			isa = PBXGroup;
			children = (
				AC92FF930020DC82D470A002 /* AgentBoardApp.swift */,
				AAD7F0F3E84953BCE4E07275 /* DesktopRootView.swift */,
				E5D0E8B7659AAF04AFAA20AD /* Info.plist */,
			);
			path = AgentBoard;
			sourceTree = "<group>";
		};
		62C5AF3274822FACE4922D9A /* Theme */ = {
			isa = PBXGroup;
			children = (
				63376B7513D3E5CFE45372D6 /* BoardPalette.swift */,
				FA4BD1071B801A6A1C9E1CEF /* NeumorphicTheme.swift */,
			);
			path = Theme;
			sourceTree = "<group>";
		};
		654AF2D260830ED0B2F8A39E = {
			isa = PBXGroup;
			children = (
				61370C45975EBD132AB4536C /* AgentBoard */,
				9018A2F0C86C923222718B40 /* AgentBoardCompanion */,
				DD227DDCD4A6E8BA8C4C3E36 /* AgentBoardCompanionKit */,
				4EDAA7062EBAFBD9982629C8 /* AgentBoardCore */,
				991F58B2CE08FFEEBCA38614 /* AgentBoardMobile */,
				3377BF40CC9BC55EF11371E5 /* AgentBoardTests */,
				C9DEF9226CA1EC38306486CC /* AgentBoardUI */,
				81E8705C0A4C85BE52A078CB /* Products */,
			);
			sourceTree = "<group>";
		};
		6ACBB24CD79AF9F63AFC7AC3 /* Services */ = {
			isa = PBXGroup;
			children = (
				E035F81810040D898374ACEF /* AttachmentUploadService.swift */,
				39E1BE6A2B2B66CFAF5F4AC0 /* AudioRecorderService.swift */,
				035DCBF4EE40EE6A14CFE890 /* CompanionClient.swift */,
				C9679A2004F1CFD39A588CC7 /* ConfigBackupService.swift */,
				FFA60A5A5B633630F99A562B /* GitHubWorkService.swift */,
				B7B2891F313F2E1804101D36 /* HermesGatewayClient.swift */,
				54CA712A46E969ED79300E4F /* LinkPreviewService.swift */,
				08B7CE4C138A75D87781C1DB /* SessionLauncher.swift */,
				52959B32060C120BA1BB1AB7 /* ShellEnvironment.swift */,
				0D0FBEDFA7766F71A98B48E3 /* SlashCommandHandler.swift */,
			);
			path = Services;
			sourceTree = "<group>";
		};
		77550C91E5B3A6CD87A09C91 /* Support */ = {
			isa = PBXGroup;
			children = (
				7ABBA014D0943EA3DA8EEB96 /* FoundationExtras.swift */,
			);
			path = Support;
			sourceTree = "<group>";
		};
		7AC3AAAAC32D9162A333CB0A /* Screens */ = {
			isa = PBXGroup;
			children = (
				BE362DDE00559E2C84434C13 /* AgentsScreen.swift */,
				F6FDDFF5030B377E6973E969 /* ChatScreen.swift */,
				702A0D71A27F07711AF96C4A /* CreateIssueSheet.swift */,
				26A31E0F643092B573A4DB9D /* IssueDetailSheet.swift */,
				03AD61915721952F19190205 /* LaunchSessionSheet.swift */,
				1FFDF3222AEE5530E6C58DFC /* QuickLaunchSheet.swift */,
				05A145F7A1A70B53DF066DBD /* SessionDetailSheet.swift */,
				33A654F28E691A722E5B4F02 /* SessionsScreen.swift */,
				DEDFAB3DEE21BBA70FAF2EBD /* SessionTerminalView.swift */,
				D7A095E80382BA922486329A /* SettingsScreen.swift */,
				651B64AF0921713BAE550D2D /* TaskDetailSheet.swift */,
				6D876290D32059BAB65A9F02 /* WorkScreen.swift */,
			);
			path = Screens;
			sourceTree = "<group>";
		};
		806CF418D5F74F95AC0D823E /* Support */ = {
			isa = PBXGroup;
			children = (
				196C90FC0E35E33601741243 /* KeyboardDismissal.swift */,
			);
			path = Support;
			sourceTree = "<group>";
		};
		81E8705C0A4C85BE52A078CB /* Products */ = {
			isa = PBXGroup;
			children = (
				351F53C221B69731A024B864 /* AgentBoard.app */,
				DBD5578CD361B8A4976B9A0A /* AgentBoardCompanion */,
				DB3E71CE348AC298EB4048DE /* AgentBoardCompanionKit.framework */,
				2B26E0DCF07C395E5DA349A4 /* AgentBoardCore.framework */,
				5F60733BA5BCAD5BD388E855 /* AgentBoardMobile.app */,
				2E342B801493E6187C7DFC1E /* AgentBoardTests.xctest */,
			);
			name = Products;
			sourceTree = "<group>";
		};
		86F714B890A49D7093B3CB4E /* Persistence */ = {
			isa = PBXGroup;
			children = (
				3024AF0B4A66DE64BDB27E15 /* AgentBoardCache.swift */,
				A55C723CBBB22E568A7E3D63 /* SettingsRepository.swift */,
			);
			path = Persistence;
			sourceTree = "<group>";
		};
		9018A2F0C86C923222718B40 /* AgentBoardCompanion */ = {
			isa = PBXGroup;
			children = (
				06CD1EF1E211EE615B37F28B /* AgentBoardCompanionMain.swift */,
			);
			path = AgentBoardCompanion;
			sourceTree = "<group>";
		};
		991F58B2CE08FFEEBCA38614 /* AgentBoardMobile */ = {
			isa = PBXGroup;
			children = (
				0B7442B7AA1CFE33776582C1 /* AgentBoardMobileApp.swift */,
				3ADA8E5D658DD9FC115C700D /* Info.plist */,
				959F1DE11FF3233AB9029B6D /* MobileRootView.swift */,
			);
			path = AgentBoardMobile;
			sourceTree = "<group>";
		};
		9F7FD594ADA20370DF9EDAEB /* Components */ = {
			isa = PBXGroup;
			children = (
				34D736CF52ACD4E2BD9D3ADC /* BoardChrome.swift */,
				AAFBB71134457F46E6F2B247 /* ChatBubble.swift */,
				4F7D59DE18AF7B3E0D84EF9A /* DesktopSidebar.swift */,
				87B288F1A4879578BDDED47F /* DesktopTab.swift */,
				1A169A5D550028B6D20B397D /* DomainPills.swift */,
				4A978B41E9572538A1E74E5C /* EmbeddedTerminalView.swift */,
				A1A2BE598EEDA7A998AEA8DE /* MarkdownText.swift */,
				CF5FFC325775B34533A9C6F1 /* Attachments */,
			);
			path = Components;
			sourceTree = "<group>";
		};
		A250741B1516BCF2424C2293 /* Stores */ = {
			isa = PBXGroup;
			children = (
				D4C9640747C8B7AE6E92BB20 /* AgentBoardAppModel.swift */,
				26BDC7F11FD4398428433E67 /* AgentsStore.swift */,
				3736AF6A2D292014811DA50A /* ChatStore.swift */,
				A5B9C06C17BE65937A00661D /* SessionsStore.swift */,
				F876603AEC9BE7B94289CA01 /* SettingsStore.swift */,
				A06C1DAB866C77FF3A634D71 /* WorkStore.swift */,
			);
			path = Stores;
			sourceTree = "<group>";
		};
		C9DEF9226CA1EC38306486CC /* AgentBoardUI */ = {
			isa = PBXGroup;
			children = (
				9F7FD594ADA20370DF9EDAEB /* Components */,
				7AC3AAAAC32D9162A333CB0A /* Screens */,
				806CF418D5F74F95AC0D823E /* Support */,
				62C5AF3274822FACE4922D9A /* Theme */,
			);
			path = AgentBoardUI;
			sourceTree = "<group>";
		};
		CF5FFC325775B34533A9C6F1 /* Attachments */ = {
			isa = PBXGroup;
			children = (
				F31C11E46072F7E4A9FFADDB /* AttachmentInteractions.swift */,
				3E3C09A95E37674D30B6072F /* AttachmentPicker.swift */,
				BD2941E5B6C18CF76C4621BB /* AttachmentViews.swift */,
				33A8E745C7552F0B5FDF7C25 /* MediaViewerView.swift */,
				3FEBA7BFDBBBF6316B340FAA /* VoiceViews.swift */,
			);
			path = Attachments;
			sourceTree = "<group>";
		};
		DD227DDCD4A6E8BA8C4C3E36 /* AgentBoardCompanionKit */ = {
			isa = PBXGroup;
			children = (
				BA51DADAAAAFFE9B833D35E9 /* CompanionLocalProbe.swift */,
				0117F7D499C266663690C9B6 /* CompanionServer.swift */,
				06C0FE6A5C6D69E553E904D0 /* CompanionSQLiteStore.swift */,
			);
			path = AgentBoardCompanionKit;
			sourceTree = "<group>";
		};
/* End PBXGroup section */

/* Begin PBXNativeTarget section */
		0130697901B0CAC5BD173950 /* AgentBoardCore */ = {
			isa = PBXNativeTarget;
			buildConfigurationList = 10C8E641A539E5705C444269 /* Build configuration list for PBXNativeTarget "AgentBoardCore" */;
			buildPhases = (
				7E5BFA54826936011F573208 /* Sources */,
			);
			buildRules = (
			);
			dependencies = (
			);
			name = AgentBoardCore;
			packageProductDependencies = (
			);
			productName = AgentBoardCore;
			productReference = 2B26E0DCF07C395E5DA349A4 /* AgentBoardCore.framework */;
			productType = "com.apple.product-type.framework";
		};
		28869237B7D201A5214C64FA /* AgentBoard */ = {
			isa = PBXNativeTarget;
			buildConfigurationList = 375C9F20223BB66F96C67790 /* Build configuration list for PBXNativeTarget "AgentBoard" */;
			buildPhases = (
				5E82D9649EAB64B0B502346D /* SwiftLint */,
				3BE47098CA2D198988BC5FCB /* Sources */,
				6EF8E0BE154BB913794037D3 /* Frameworks */,
				E0510FAFD961E02F730428C2 /* Embed Frameworks */,
			);
			buildRules = (
			);
			dependencies = (
				A3F5907A52D43C36F7440244 /* PBXTargetDependency */,
			);
			name = AgentBoard;
			packageProductDependencies = (
				8E67F37D82C33338077E4371 /* Nuke */,
				28BE44876742C1F619FDD2CA /* NukeUI */,
				AA65C204A6A99CEBA3E4B8C4 /* SwiftTerm */,
			);
			productName = AgentBoard;
			productReference = 351F53C221B69731A024B864 /* AgentBoard.app */;
			productType = "com.apple.product-type.application";
		};
		60BDED5471809D9106E61ED4 /* AgentBoardMobile */ = {
			isa = PBXNativeTarget;
			buildConfigurationList = FABE5840725DACE31AD12DB4 /* Build configuration list for PBXNativeTarget "AgentBoardMobile" */;
			buildPhases = (
				9CBC21EBDA194E9153C0AC28 /* SwiftLint */,
				85EAF994BCC10B6019478E5B /* Sources */,
				0D326533098B690337045128 /* Frameworks */,
				2CB69FB7FA132091FBEB8464 /* Embed Frameworks */,
			);
			buildRules = (
			);
			dependencies = (
				7A608A9828CE458E464C94F3 /* PBXTargetDependency */,
			);
			name = AgentBoardMobile;
			packageProductDependencies = (
				AD7CA2BAC6FD5DFD28FC0BCD /* Nuke */,
				AA403A62FC0CC3B341A2D00B /* NukeUI */,
			);
			productName = AgentBoardMobile;
			productReference = 5F60733BA5BCAD5BD388E855 /* AgentBoardMobile.app */;
			productType = "com.apple.product-type.application";
		};
		79197A3483E99C6554DAEA1C /* AgentBoardCompanionKit */ = {
			isa = PBXNativeTarget;
			buildConfigurationList = 293E3EBC1FA4B53A86F48D21 /* Build configuration list for PBXNativeTarget "AgentBoardCompanionKit" */;
			buildPhases = (
				23128D2020499A8C5907CD61 /* Sources */,
				EEA6F3782B7FF9EA6E45B87F /* Frameworks */,
			);
			buildRules = (
			);
			dependencies = (
				49020D7AEAACBAE4253A69B8 /* PBXTargetDependency */,
			);
			name = AgentBoardCompanionKit;
			packageProductDependencies = (
			);
			productName = AgentBoardCompanionKit;
			productReference = DB3E71CE348AC298EB4048DE /* AgentBoardCompanionKit.framework */;
			productType = "com.apple.product-type.framework";
		};
		A52DE9FF4B5F7581840FD2AF /* AgentBoardTests */ = {
			isa = PBXNativeTarget;
			buildConfigurationList = 238C8BF2C09AC705C9A7D9C9 /* Build configuration list for PBXNativeTarget "AgentBoardTests" */;
			buildPhases = (
				69ABA6DE5F65B6F6C643C91F /* Sources */,
				F0A028B39BCDB89E182E277F /* Frameworks */,
				AD5AFE3DEAB4C61D9C2254AE /* Embed Frameworks */,
			);
			buildRules = (
			);
			dependencies = (
				695EE2D46AD1A4D64C8B6285 /* PBXTargetDependency */,
				A4FA7BFE327655BDCF153942 /* PBXTargetDependency */,
			);
			name = AgentBoardTests;
			packageProductDependencies = (
			);
			productName = AgentBoardTests;
			productReference = 2E342B801493E6187C7DFC1E /* AgentBoardTests.xctest */;
			productType = "com.apple.product-type.bundle.unit-test";
		};
		F122BDF35E1E6FBA207AEAA6 /* AgentBoardCompanion */ = {
			isa = PBXNativeTarget;
			buildConfigurationList = A2ADC92DD557DD82895D77C8 /* Build configuration list for PBXNativeTarget "AgentBoardCompanion" */;
			buildPhases = (
				48F0C3D54C2DE7A361F70656 /* Sources */,
				E2F4C58549051E175ADACF03 /* Frameworks */,
			);
			buildRules = (
			);
			dependencies = (
				D4DEAACA0518B586DCAF0647 /* PBXTargetDependency */,
			);
			name = AgentBoardCompanion;
			packageProductDependencies = (
			);
			productName = AgentBoardCompanion;
			productReference = DBD5578CD361B8A4976B9A0A /* AgentBoardCompanion */;
			productType = "com.apple.product-type.tool";
		};
/* End PBXNativeTarget section */

/* Begin PBXProject section */
		6CFA7F86B313B0C9467883C0 /* Project object */ = {
			isa = PBXProject;
			attributes = {
				BuildIndependentTargetsInParallel = YES;
				LastUpgradeCheck = 2640;
				TargetAttributes = {
					28869237B7D201A5214C64FA = {
						DevelopmentTeam = 32XZRDTGK3;
					};
					60BDED5471809D9106E61ED4 = {
						DevelopmentTeam = 32XZRDTGK3;
					};
				};
			};
			buildConfigurationList = 243AA888E6F0AC123A34636C /* Build configuration list for PBXProject "AgentBoard" */;
			developmentRegion = en;
			hasScannedForEncodings = 0;
			knownRegions = (
				Base,
				en,
			);
			mainGroup = 654AF2D260830ED0B2F8A39E;
			minimizedProjectReferenceProxies = 1;
			packageReferences = (
				D04429BB4AFEDD9352E7C3BF /* XCRemoteSwiftPackageReference "Nuke" */,
				8A42E6F6CCF27450821E497E /* XCRemoteSwiftPackageReference "SwiftTerm" */,
			);
			preferredProjectObjectVersion = 77;
			productRefGroup = 81E8705C0A4C85BE52A078CB /* Products */;
			projectDirPath = "";
			projectRoot = "";
			targets = (
				28869237B7D201A5214C64FA /* AgentBoard */,
				F122BDF35E1E6FBA207AEAA6 /* AgentBoardCompanion */,
				79197A3483E99C6554DAEA1C /* AgentBoardCompanionKit */,
				0130697901B0CAC5BD173950 /* AgentBoardCore */,
				60BDED5471809D9106E61ED4 /* AgentBoardMobile */,
				A52DE9FF4B5F7581840FD2AF /* AgentBoardTests */,
			);
		};
/* End PBXProject section */

/* Begin PBXShellScriptBuildPhase section */
		5E82D9649EAB64B0B502346D /* SwiftLint */ = {
			isa = PBXShellScriptBuildPhase;
			buildActionMask = 2147483647;
			files = (
			);
			inputFileListPaths = (
			);
			inputPaths = (
			);
			name = SwiftLint;
			outputFileListPaths = (
			);
			outputPaths = (
			);
			runOnlyForDeploymentPostprocessing = 0;
			shellPath = /bin/sh;
			shellScript = "if which swiftlint > /dev/null; then\n  swiftlint lint\nelse\n  echo \"warning: SwiftLint not installed — run: brew install swiftlint\"\nfi\n";
		};
		9CBC21EBDA194E9153C0AC28 /* SwiftLint */ = {
			isa = PBXShellScriptBuildPhase;
			buildActionMask = 2147483647;
			files = (
			);
			inputFileListPaths = (
			);
			inputPaths = (
			);
			name = SwiftLint;
			outputFileListPaths = (
			);
			outputPaths = (
			);
			runOnlyForDeploymentPostprocessing = 0;
			shellPath = /bin/sh;
			shellScript = "if which swiftlint > /dev/null; then\n  swiftlint lint\nelse\n  echo \"warning: SwiftLint not installed — run: brew install swiftlint\"\nfi\n";
		};
/* End PBXShellScriptBuildPhase section */

/* Begin PBXSourcesBuildPhase section */
		23128D2020499A8C5907CD61 /* Sources */ = {
			isa = PBXSourcesBuildPhase;
			buildActionMask = 2147483647;
			files = (
				1F824DF6C0CFA67F11902759 /* CompanionLocalProbe.swift in Sources */,
				E1025BED622BADB001F95D4D /* CompanionSQLiteStore.swift in Sources */,
				637450D78114326A95AE3D39 /* CompanionServer.swift in Sources */,
			);
			runOnlyForDeploymentPostprocessing = 0;
		};
		3BE47098CA2D198988BC5FCB /* Sources */ = {
			isa = PBXSourcesBuildPhase;
			buildActionMask = 2147483647;
			files = (
				FD05A98C162D7CC536D93096 /* AgentBoardApp.swift in Sources */,
				287C52CFEE7CDAF30B54A224 /* AgentsScreen.swift in Sources */,
				FE8D645DBA85A27F0139427B /* AttachmentInteractions.swift in Sources */,
				97BD3D8CCE198A034A5E0C2F /* AttachmentPicker.swift in Sources */,
				E1F05B25E20BE9959941A7A9 /* AttachmentViews.swift in Sources */,
				B51F9A6B9302EDD7F2EB1437 /* BoardChrome.swift in Sources */,
				00D4FD7D1E850E381301E79B /* BoardPalette.swift in Sources */,
				011B0517E71FDF2B9BB75A97 /* ChatBubble.swift in Sources */,
				41487A7506D835D9946C1B9E /* ChatScreen.swift in Sources */,
				B32E7225FAA8967B580A58A1 /* CreateIssueSheet.swift in Sources */,
				ABB3B9109C6F6749E7933CF2 /* DesktopRootView.swift in Sources */,
				8304F715858D01DEFB812754 /* DesktopSidebar.swift in Sources */,
				234B04B1802DC26BE03D5265 /* DesktopTab.swift in Sources */,
				18513E9340A65D8111F82D18 /* DomainPills.swift in Sources */,
				37F82839F098968527158CC9 /* EmbeddedTerminalView.swift in Sources */,
				1DBE4EB751A629F1664040D8 /* IssueDetailSheet.swift in Sources */,
				64B8644401E5AFE74A627388 /* KeyboardDismissal.swift in Sources */,
				7E6D512A772F03628C275D52 /* LaunchSessionSheet.swift in Sources */,
				DE5629641FE81BB20A7186A9 /* MarkdownText.swift in Sources */,
				62B59C34430276AC70136C6D /* MediaViewerView.swift in Sources */,
				624514151F83E5FC8A4EB2F2 /* NeumorphicTheme.swift in Sources */,
				2E95ECA2CB484B2089146AD0 /* QuickLaunchSheet.swift in Sources */,
				DD6C36042860EA2D423261EE /* SessionDetailSheet.swift in Sources */,
				593E56157C2853690F31D9F4 /* SessionTerminalView.swift in Sources */,
				27A53DE53D6AC0A8E55FBC88 /* SessionsScreen.swift in Sources */,
				6D00DE9CB56AACF6C1A4C803 /* SettingsScreen.swift in Sources */,
				BB98957985B7A8398A87A372 /* TaskDetailSheet.swift in Sources */,
				6DC087141B5B07B4F293045F /* VoiceViews.swift in Sources */,
				6CECA83E59FDE511B3849448 /* WorkScreen.swift in Sources */,
			);
			runOnlyForDeploymentPostprocessing = 0;
		};
		48F0C3D54C2DE7A361F70656 /* Sources */ = {
			isa = PBXSourcesBuildPhase;
			buildActionMask = 2147483647;
			files = (
				663041B8ACBF6F3819DE44A6 /* AgentBoardCompanionMain.swift in Sources */,
			);
			runOnlyForDeploymentPostprocessing = 0;
		};
		69ABA6DE5F65B6F6C643C91F /* Sources */ = {
			isa = PBXSourcesBuildPhase;
			buildActionMask = 2147483647;
			files = (
				BAFAE9A54D7EB126DB951F33 /* AgentBoardCacheTests.swift in Sources */,
				96C502A1BD49F2AE81F03313 /* AttachmentModelsTests.swift in Sources */,
				C6A73DFEFD3440E23C5AE028 /* ChatStoreAdditionalTests.swift in Sources */,
				B01C8989FACCB9D76DD46CDF /* ChatStoreSlashCommandTests.swift in Sources */,
				FF4D3F1289548330CC170576 /* ChatStoreTests.swift in Sources */,
				58446795E6F62924439AD001 /* CompanionSQLiteStoreTests.swift in Sources */,
				AC9718464408D550B64EFB4E /* ConfigBackupServiceTests.swift in Sources */,
				10A2BF960BB432E046A8392E /* DesignSemanticsTests.swift in Sources */,
				D2F03218C8433B59598A04D5 /* GitHubWorkServiceTests.swift in Sources */,
				62108DFBD6C8CF3265C4F8A5 /* HermesGatewayClientTests.swift in Sources */,
				38E1089316EEC57E444A6FB1 /* MockURLProtocol.swift in Sources */,
				9A90C5EF45CA6630C7EA64CD /* SessionLauncherTests.swift in Sources */,
				D4674853A5F6064FC3E65542 /* SettingsStoreTests.swift in Sources */,
				2525C93CDB9C86D825831FC9 /* SlashCommandHandlerTests.swift in Sources */,
				6F28FCEEB172015EFF5AFC70 /* WorkStoreTests.swift in Sources */,
			);
			runOnlyForDeploymentPostprocessing = 0;
		};
		7E5BFA54826936011F573208 /* Sources */ = {
			isa = PBXSourcesBuildPhase;
			buildActionMask = 2147483647;
			files = (
				F22F4D3D2D3D20A5B3DD6B20 /* AgentBoardAppModel.swift in Sources */,
				C03DE2AB570D615F55142A44 /* AgentBoardCache.swift in Sources */,
				30B2D9B7D1BFC77B6964A96C /* AgentBoardDesignTheme.swift in Sources */,
				81239439DAB83C92B81C7C96 /* AgentsStore.swift in Sources */,
				F374477884080894A1322DCE /* AppDestination.swift in Sources */,
				A51107E477749B979572DD17 /* AttachmentModels.swift in Sources */,
				0CE0E873675F3D87FC974CB1 /* AttachmentUploadService.swift in Sources */,
				3D5547FD2C8499B8C8FA087B /* AudioRecorderService.swift in Sources */,
				E4EEFF2D183520968ACAA803 /* ChatStore.swift in Sources */,
				81CAC6C9E0241A2ADE971ADC /* CompanionClient.swift in Sources */,
				3FDBA88CC8E8D63388C757C6 /* ConfigBackupService.swift in Sources */,
				87A19AEDBCBE0206D4D71EFE /* DemoFixtures.swift in Sources */,
				6EE512882ACF48B1A60F1603 /* DomainModels.swift in Sources */,
				C6F5E2BE0559A438785BBCF8 /* FoundationExtras.swift in Sources */,
				AB66AFF4128BA91808D24DB5 /* GitHubWorkService.swift in Sources */,
				C23BCB5CF1615F000459D9E7 /* HermesGatewayClient.swift in Sources */,
				CB10A2005C3CAEE8253B7324 /* LabelSchema.swift in Sources */,
				BCE6371A2B658B37FE0C3124 /* LinkPreviewService.swift in Sources */,
				9EAAAF4FFBF10F8A576AF5BD /* SessionLauncher.swift in Sources */,
				5407CC8EF71865713E95B1BF /* SessionsStore.swift in Sources */,
				5B810A52F3C78D394BE76608 /* SettingsRepository.swift in Sources */,
				1C7E32DFC4B2295F98363820 /* SettingsStore.swift in Sources */,
				4D05F9AAB6DA0E2642F377F4 /* ShellEnvironment.swift in Sources */,
				C993681ECCC427965F61D4E6 /* SlashCommandHandler.swift in Sources */,
				1C711E565B9941FC998F8265 /* WorkStore.swift in Sources */,
			);
			runOnlyForDeploymentPostprocessing = 0;
		};
		85EAF994BCC10B6019478E5B /* Sources */ = {
			isa = PBXSourcesBuildPhase;
			buildActionMask = 2147483647;
			files = (
				6140061EE8C8004E8BB033F2 /* AgentBoardMobileApp.swift in Sources */,
				21BD68D1C8793B9DA7441B08 /* AgentsScreen.swift in Sources */,
				4E523683F87984FFDF08FC54 /* AttachmentInteractions.swift in Sources */,
				735B9E32C6B9218218F1CB8D /* AttachmentPicker.swift in Sources */,
				961E593801A91A1EE5E55F76 /* AttachmentViews.swift in Sources */,
				709B1495522FEA1AABEDEC6A /* BoardChrome.swift in Sources */,
				0C635EBBEF9AD782093F5594 /* BoardPalette.swift in Sources */,
				EB912DFB4FD8ED106AE6C02C /* ChatBubble.swift in Sources */,
				6AD44EB0146CC268B39C27E1 /* ChatScreen.swift in Sources */,
				06B09775C2F43ADB9D2A7DDB /* CreateIssueSheet.swift in Sources */,
				D5FE06BE70E2B8AFB20C40B5 /* DesktopSidebar.swift in Sources */,
				AE1142F9B022F4D629BB5EF8 /* DesktopTab.swift in Sources */,
				BC1CCDB452C13C403BFA1460 /* DomainPills.swift in Sources */,
				77E2DDC0D4C0CA009FD508F0 /* EmbeddedTerminalView.swift in Sources */,
				22AD45AE145021107CD2C0AA /* IssueDetailSheet.swift in Sources */,
				736771D2489A4C0C6FBB4A83 /* KeyboardDismissal.swift in Sources */,
				891566BE5B53801826DE8CF0 /* LaunchSessionSheet.swift in Sources */,
				15369C112AA2304F032D157F /* MarkdownText.swift in Sources */,
				8AD4D2CC8A4C831C10AD484D /* MediaViewerView.swift in Sources */,
				6A4091B95B722862F973E0BC /* MobileRootView.swift in Sources */,
				DC38BD815D6E073F6D62E1D7 /* NeumorphicTheme.swift in Sources */,
				86474D9EDB4C400C89B3F5FF /* QuickLaunchSheet.swift in Sources */,
				2EFC8887C151538585798677 /* SessionDetailSheet.swift in Sources */,
				5364836AF5802F65E8F2B521 /* SessionTerminalView.swift in Sources */,
				00D375A5EA8AC4E04D19445A /* SessionsScreen.swift in Sources */,
				DB87AF9AF4B7456FBDD3F011 /* SettingsScreen.swift in Sources */,
				7DE9CA2273E136476F38D922 /* TaskDetailSheet.swift in Sources */,
				0E24BCCE3258BA3081DFB21D /* VoiceViews.swift in Sources */,
				8E7838693E07455607245B77 /* WorkScreen.swift in Sources */,
			);
			runOnlyForDeploymentPostprocessing = 0;
		};
/* End PBXSourcesBuildPhase section */

/* Begin PBXTargetDependency section */
		49020D7AEAACBAE4253A69B8 /* PBXTargetDependency */ = {
			isa = PBXTargetDependency;
			target = 0130697901B0CAC5BD173950 /* AgentBoardCore */;
			targetProxy = 4A5B6E010E2F33DDFC52C1E6 /* PBXContainerItemProxy */;
		};
		695EE2D46AD1A4D64C8B6285 /* PBXTargetDependency */ = {
			isa = PBXTargetDependency;
			target = 0130697901B0CAC5BD173950 /* AgentBoardCore */;
			targetProxy = D284EC6914D419E901E332DE /* PBXContainerItemProxy */;
		};
		7A608A9828CE458E464C94F3 /* PBXTargetDependency */ = {
			isa = PBXTargetDependency;
			target = 0130697901B0CAC5BD173950 /* AgentBoardCore */;
			targetProxy = A263D96937A9A33DB1CE56CA /* PBXContainerItemProxy */;
		};
		A3F5907A52D43C36F7440244 /* PBXTargetDependency */ = {
			isa = PBXTargetDependency;
			target = 0130697901B0CAC5BD173950 /* AgentBoardCore */;
			targetProxy = F17DB5A5E588BE179ACD16C3 /* PBXContainerItemProxy */;
		};
		A4FA7BFE327655BDCF153942 /* PBXTargetDependency */ = {
			isa = PBXTargetDependency;
			target = 79197A3483E99C6554DAEA1C /* AgentBoardCompanionKit */;
			targetProxy = 047F2A4DF9F7D2DA8067ABEF /* PBXContainerItemProxy */;
		};
		D4DEAACA0518B586DCAF0647 /* PBXTargetDependency */ = {
			isa = PBXTargetDependency;
			target = 79197A3483E99C6554DAEA1C /* AgentBoardCompanionKit */;
			targetProxy = C9C1493B2B11689A0438278B /* PBXContainerItemProxy */;
		};
/* End PBXTargetDependency section */

/* Begin XCBuildConfiguration section */
		0F3234BE49033E25D9397CB9 /* Debug */ = {
			isa = XCBuildConfiguration;
			buildSettings = {
				BUNDLE_LOADER = "$(TEST_HOST)";
				COMBINE_HIDPI_IMAGES = YES;
				GENERATE_INFOPLIST_FILE = YES;
				LD_RUNPATH_SEARCH_PATHS = (
					"$(inherited)",
					"@executable_path/../Frameworks",
					"@loader_path/../Frameworks",
				);
				MACOSX_DEPLOYMENT_TARGET = 26.0;
				PRODUCT_BUNDLE_IDENTIFIER = com.agentboard.AgentBoardTests;
				SDKROOT = macosx;
				SWIFT_VERSION = 6.0;
			};
			name = Debug;
		};
		32144CA16D61C4DE713B72F0 /* Debug */ = {
			isa = XCBuildConfiguration;
			buildSettings = {
				ASSETCATALOG_COMPILER_APPICON_NAME = AppIcon;
				CODE_SIGN_ALLOW_ENTITLEMENTS_MODIFICATION = YES;
				CODE_SIGN_IDENTITY = "Apple Development";
				COMBINE_HIDPI_IMAGES = YES;
				CURRENT_PROJECT_VERSION = 1;
				DEVELOPMENT_TEAM = 32XZRDTGK3;
				ENABLE_APP_SANDBOX = NO;
				INFOPLIST_FILE = AgentBoard/Info.plist;
				LD_RUNPATH_SEARCH_PATHS = (
					"$(inherited)",
					"@executable_path/../Frameworks",
				);
				MACOSX_DEPLOYMENT_TARGET = 26.0;
				MARKETING_VERSION = 0.1.0;
				PRODUCT_BUNDLE_IDENTIFIER = com.agentboard.AgentBoard;
				SDKROOT = macosx;
				SWIFT_ACTIVE_COMPILATION_CONDITIONS = "DEBUG $(inherited)";
				SWIFT_OPTIMIZATION_LEVEL = "-Onone";
				SWIFT_STRICT_CONCURRENCY = complete;
				SWIFT_VERSION = 6.0;
			};
			name = Debug;
		};
		44C4D1F7969C59A3505F8D10 /* Release */ = {
			isa = XCBuildConfiguration;
			buildSettings = {
				COMBINE_HIDPI_IMAGES = YES;
				LD_RUNPATH_SEARCH_PATHS = (
					"$(inherited)",
					"@executable_path/../Frameworks",
				);
				MACOSX_DEPLOYMENT_TARGET = 26.0;
				PRODUCT_BUNDLE_IDENTIFIER = com.agentboard.AgentBoardCompanion;
				SDKROOT = macosx;
				SWIFT_STRICT_CONCURRENCY = complete;
				SWIFT_VERSION = 6.0;
			};
			name = Release;
		};
		4DB58CB88351873723B6C793 /* Release */ = {
			isa = XCBuildConfiguration;
			buildSettings = {
				BUNDLE_LOADER = "$(TEST_HOST)";
				COMBINE_HIDPI_IMAGES = YES;
				GENERATE_INFOPLIST_FILE = YES;
				LD_RUNPATH_SEARCH_PATHS = (
					"$(inherited)",
					"@executable_path/../Frameworks",
					"@loader_path/../Frameworks",
				);
				MACOSX_DEPLOYMENT_TARGET = 26.0;
				PRODUCT_BUNDLE_IDENTIFIER = com.agentboard.AgentBoardTests;
				SDKROOT = macosx;
				SWIFT_VERSION = 6.0;
			};
			name = Release;
		};
		50444FE341951F6AE5CA2353 /* Debug */ = {
			isa = XCBuildConfiguration;
			buildSettings = {
				COMBINE_HIDPI_IMAGES = YES;
				LD_RUNPATH_SEARCH_PATHS = (
					"$(inherited)",
					"@executable_path/../Frameworks",
				);
				MACOSX_DEPLOYMENT_TARGET = 26.0;
				PRODUCT_BUNDLE_IDENTIFIER = com.agentboard.AgentBoardCompanion;
				SDKROOT = macosx;
				SWIFT_STRICT_CONCURRENCY = complete;
				SWIFT_VERSION = 6.0;
			};
			name = Debug;
		};
		5FB2C4C12B84ED55DE82E98C /* Debug */ = {
			isa = XCBuildConfiguration;
			buildSettings = {
				CODE_SIGN_IDENTITY = "";
				CURRENT_PROJECT_VERSION = 1;
				DEFINES_MODULE = YES;
				DYLIB_COMPATIBILITY_VERSION = 1;
				DYLIB_CURRENT_VERSION = 1;
				DYLIB_INSTALL_NAME_BASE = "@rpath";
				GENERATE_INFOPLIST_FILE = YES;
				INSTALL_PATH = "$(LOCAL_LIBRARY_DIR)/Frameworks";
				IPHONEOS_DEPLOYMENT_TARGET = 26.0;
				LD_RUNPATH_SEARCH_PATHS = (
					"$(inherited)",
					"@executable_path/Frameworks",
				);
				MACOSX_DEPLOYMENT_TARGET = 26.0;
				PRODUCT_BUNDLE_IDENTIFIER = com.agentboard.AgentBoardCore;
				SDKROOT = auto;
				SKIP_INSTALL = YES;
				SUPPORTED_PLATFORMS = "iphoneos iphonesimulator macosx";
				SUPPORTS_MACCATALYST = NO;
				SUPPORTS_MAC_DESIGNED_FOR_IPHONE_IPAD = NO;
				SUPPORTS_XR_DESIGNED_FOR_IPHONE_IPAD = YES;
				SWIFT_STRICT_CONCURRENCY = complete;
				SWIFT_VERSION = 6.0;
				TARGETED_DEVICE_FAMILY = "1,2";
				VERSIONING_SYSTEM = "apple-generic";
			};
			name = Debug;
		};
		78BF91B0270262817B2E6870 /* Release */ = {
			isa = XCBuildConfiguration;
			buildSettings = {
				ASSETCATALOG_COMPILER_APPICON_NAME = AppIcon;
				CODE_SIGN_IDENTITY = "Apple Development";
				CURRENT_PROJECT_VERSION = 1;
				DEVELOPMENT_TEAM = 32XZRDTGK3;
				GENERATE_INFOPLIST_FILE = NO;
				INFOPLIST_FILE = AgentBoardMobile/Info.plist;
				IPHONEOS_DEPLOYMENT_TARGET = 26.0;
				LD_RUNPATH_SEARCH_PATHS = (
					"$(inherited)",
					"@executable_path/Frameworks",
				);
				MARKETING_VERSION = 0.1.0;
				PRODUCT_BUNDLE_IDENTIFIER = com.agentboard.AgentBoardMobile;
				SDKROOT = iphoneos;
				SWIFT_COMPILATION_MODE = wholemodule;
				SWIFT_STRICT_CONCURRENCY = complete;
				SWIFT_VERSION = 6.0;
				TARGETED_DEVICE_FAMILY = "1,2";
			};
			name = Release;
		};
		7A29CDF00D275A09FA1C3C26 /* Debug */ = {
			isa = XCBuildConfiguration;
			buildSettings = {
				ASSETCATALOG_COMPILER_APPICON_NAME = AppIcon;
				CODE_SIGN_IDENTITY = "Apple Development";
				CURRENT_PROJECT_VERSION = 1;
				DEVELOPMENT_TEAM = 32XZRDTGK3;
				GENERATE_INFOPLIST_FILE = NO;
				INFOPLIST_FILE = AgentBoardMobile/Info.plist;
				IPHONEOS_DEPLOYMENT_TARGET = 26.0;
				LD_RUNPATH_SEARCH_PATHS = (
					"$(inherited)",
					"@executable_path/Frameworks",
				);
				MARKETING_VERSION = 0.1.0;
				PRODUCT_BUNDLE_IDENTIFIER = com.agentboard.AgentBoardMobile;
				SDKROOT = iphoneos;
				SWIFT_ACTIVE_COMPILATION_CONDITIONS = "DEBUG $(inherited)";
				SWIFT_OPTIMIZATION_LEVEL = "-Onone";
				SWIFT_STRICT_CONCURRENCY = complete;
				SWIFT_VERSION = 6.0;
				TARGETED_DEVICE_FAMILY = "1,2";
			};
			name = Debug;
		};
		9449B6B7720D70930DA1859F /* Release */ = {
			isa = XCBuildConfiguration;
			buildSettings = {
				ALWAYS_SEARCH_USER_PATHS = NO;
				CLANG_ANALYZER_NONNULL = YES;
				CLANG_ANALYZER_NUMBER_OBJECT_CONVERSION = YES_AGGRESSIVE;
				CLANG_CXX_LANGUAGE_STANDARD = "gnu++14";
				CLANG_CXX_LIBRARY = "libc++";
				CLANG_ENABLE_MODULES = YES;
				CLANG_ENABLE_OBJC_ARC = YES;
				CLANG_ENABLE_OBJC_WEAK = YES;
				CLANG_WARN_BLOCK_CAPTURE_AUTORELEASING = YES;
				CLANG_WARN_BOOL_CONVERSION = YES;
				CLANG_WARN_COMMA = YES;
				CLANG_WARN_CONSTANT_CONVERSION = YES;
				CLANG_WARN_DEPRECATED_OBJC_IMPLEMENTATIONS = YES;
				CLANG_WARN_DIRECT_OBJC_ISA_USAGE = YES_ERROR;
				CLANG_WARN_DOCUMENTATION_COMMENTS = YES;
				CLANG_WARN_EMPTY_BODY = YES;
				CLANG_WARN_ENUM_CONVERSION = YES;
				CLANG_WARN_INFINITE_RECURSION = YES;
				CLANG_WARN_INT_CONVERSION = YES;
				CLANG_WARN_NON_LITERAL_NULL_CONVERSION = YES;
				CLANG_WARN_OBJC_IMPLICIT_RETAIN_SELF = YES;
				CLANG_WARN_OBJC_LITERAL_CONVERSION = YES;
				CLANG_WARN_OBJC_ROOT_CLASS = YES_ERROR;
				CLANG_WARN_QUOTED_INCLUDE_IN_FRAMEWORK_HEADER = YES;
				CLANG_WARN_RANGE_LOOP_ANALYSIS = YES;
				CLANG_WARN_STRICT_PROTOTYPES = YES;
				CLANG_WARN_SUSPICIOUS_MOVE = YES;
				CLANG_WARN_UNGUARDED_AVAILABILITY = YES_AGGRESSIVE;
				CLANG_WARN_UNREACHABLE_CODE = YES;
				CLANG_WARN__DUPLICATE_METHOD_MATCH = YES;
				COPY_PHASE_STRIP = NO;
				DEBUG_INFORMATION_FORMAT = "dwarf-with-dsym";
				ENABLE_NS_ASSERTIONS = NO;
				ENABLE_STRICT_OBJC_MSGSEND = YES;
				GCC_C_LANGUAGE_STANDARD = gnu11;
				GCC_NO_COMMON_BLOCKS = YES;
				GCC_WARN_64_TO_32_BIT_CONVERSION = YES;
				GCC_WARN_ABOUT_RETURN_TYPE = YES_ERROR;
				GCC_WARN_UNDECLARED_SELECTOR = YES;
				GCC_WARN_UNINITIALIZED_AUTOS = YES_AGGRESSIVE;
				GCC_WARN_UNUSED_FUNCTION = YES;
				GCC_WARN_UNUSED_VARIABLE = YES;
				IPHONEOS_DEPLOYMENT_TARGET = 26.0;
				MACOSX_DEPLOYMENT_TARGET = 26.0;
				MTL_ENABLE_DEBUG_INFO = NO;
				MTL_FAST_MATH = YES;
				PRODUCT_NAME = "$(TARGET_NAME)";
				SWIFT_COMPILATION_MODE = wholemodule;
				SWIFT_OPTIMIZATION_LEVEL = "-O";
				SWIFT_VERSION = 6.0;
			};
			name = Release;
		};
		B033BFFBAD7111835B8878D6 /* Debug */ = {
			isa = XCBuildConfiguration;
			buildSettings = {
				CODE_SIGN_IDENTITY = "";
				COMBINE_HIDPI_IMAGES = YES;
				CURRENT_PROJECT_VERSION = 1;
				DEFINES_MODULE = YES;
				DYLIB_COMPATIBILITY_VERSION = 1;
				DYLIB_CURRENT_VERSION = 1;
				DYLIB_INSTALL_NAME_BASE = "@rpath";
				GENERATE_INFOPLIST_FILE = YES;
				INSTALL_PATH = "$(LOCAL_LIBRARY_DIR)/Frameworks";
				LD_RUNPATH_SEARCH_PATHS = (
					"$(inherited)",
					"@executable_path/../Frameworks",
				);
				MACOSX_DEPLOYMENT_TARGET = 26.0;
				PRODUCT_BUNDLE_IDENTIFIER = com.agentboard.AgentBoardCompanionKit;
				SDKROOT = macosx;
				SKIP_INSTALL = YES;
				SWIFT_STRICT_CONCURRENCY = complete;
				SWIFT_VERSION = 6.0;
				VERSIONING_SYSTEM = "apple-generic";
			};
			name = Debug;
		};
		CBED311C3538AF5AF3F9EF19 /* Release */ = {
			isa = XCBuildConfiguration;
			buildSettings = {
				CODE_SIGN_IDENTITY = "";
				CURRENT_PROJECT_VERSION = 1;
				DEFINES_MODULE = YES;
				DYLIB_COMPATIBILITY_VERSION = 1;
				DYLIB_CURRENT_VERSION = 1;
				DYLIB_INSTALL_NAME_BASE = "@rpath";
				GENERATE_INFOPLIST_FILE = YES;
				INSTALL_PATH = "$(LOCAL_LIBRARY_DIR)/Frameworks";
				IPHONEOS_DEPLOYMENT_TARGET = 26.0;
				LD_RUNPATH_SEARCH_PATHS = (
					"$(inherited)",
					"@executable_path/Frameworks",
				);
				MACOSX_DEPLOYMENT_TARGET = 26.0;
				PRODUCT_BUNDLE_IDENTIFIER = com.agentboard.AgentBoardCore;
				SDKROOT = auto;
				SKIP_INSTALL = YES;
				SUPPORTED_PLATFORMS = "iphoneos iphonesimulator macosx";
				SUPPORTS_MACCATALYST = NO;
				SUPPORTS_MAC_DESIGNED_FOR_IPHONE_IPAD = NO;
				SUPPORTS_XR_DESIGNED_FOR_IPHONE_IPAD = YES;
				SWIFT_STRICT_CONCURRENCY = complete;
				SWIFT_VERSION = 6.0;
				TARGETED_DEVICE_FAMILY = "1,2";
				VERSIONING_SYSTEM = "apple-generic";
			};
			name = Release;
		};
		CECC89CA47736C99035309D1 /* Release */ = {
			isa = XCBuildConfiguration;
			buildSettings = {
				CODE_SIGN_IDENTITY = "";
				COMBINE_HIDPI_IMAGES = YES;
				CURRENT_PROJECT_VERSION = 1;
				DEFINES_MODULE = YES;
				DYLIB_COMPATIBILITY_VERSION = 1;
				DYLIB_CURRENT_VERSION = 1;
				DYLIB_INSTALL_NAME_BASE = "@rpath";
				GENERATE_INFOPLIST_FILE = YES;
				INSTALL_PATH = "$(LOCAL_LIBRARY_DIR)/Frameworks";
				LD_RUNPATH_SEARCH_PATHS = (
					"$(inherited)",
					"@executable_path/../Frameworks",
				);
				MACOSX_DEPLOYMENT_TARGET = 26.0;
				PRODUCT_BUNDLE_IDENTIFIER = com.agentboard.AgentBoardCompanionKit;
				SDKROOT = macosx;
				SKIP_INSTALL = YES;
				SWIFT_STRICT_CONCURRENCY = complete;
				SWIFT_VERSION = 6.0;
				VERSIONING_SYSTEM = "apple-generic";
			};
			name = Release;
		};
		E53B8EEC851C36F4018BDD0A /* Debug */ = {
			isa = XCBuildConfiguration;
			buildSettings = {
				ALWAYS_SEARCH_USER_PATHS = NO;
				CLANG_ANALYZER_NONNULL = YES;
				CLANG_ANALYZER_NUMBER_OBJECT_CONVERSION = YES_AGGRESSIVE;
				CLANG_CXX_LANGUAGE_STANDARD = "gnu++14";
				CLANG_CXX_LIBRARY = "libc++";
				CLANG_ENABLE_MODULES = YES;
				CLANG_ENABLE_OBJC_ARC = YES;
				CLANG_ENABLE_OBJC_WEAK = YES;
				CLANG_WARN_BLOCK_CAPTURE_AUTORELEASING = YES;
				CLANG_WARN_BOOL_CONVERSION = YES;
				CLANG_WARN_COMMA = YES;
				CLANG_WARN_CONSTANT_CONVERSION = YES;
				CLANG_WARN_DEPRECATED_OBJC_IMPLEMENTATIONS = YES;
				CLANG_WARN_DIRECT_OBJC_ISA_USAGE = YES_ERROR;
				CLANG_WARN_DOCUMENTATION_COMMENTS = YES;
				CLANG_WARN_EMPTY_BODY = YES;
				CLANG_WARN_ENUM_CONVERSION = YES;
				CLANG_WARN_INFINITE_RECURSION = YES;
				CLANG_WARN_INT_CONVERSION = YES;
				CLANG_WARN_NON_LITERAL_NULL_CONVERSION = YES;
				CLANG_WARN_OBJC_IMPLICIT_RETAIN_SELF = YES;
				CLANG_WARN_OBJC_LITERAL_CONVERSION = YES;
				CLANG_WARN_OBJC_ROOT_CLASS = YES_ERROR;
				CLANG_WARN_QUOTED_INCLUDE_IN_FRAMEWORK_HEADER = YES;
				CLANG_WARN_RANGE_LOOP_ANALYSIS = YES;
				CLANG_WARN_STRICT_PROTOTYPES = YES;
				CLANG_WARN_SUSPICIOUS_MOVE = YES;
				CLANG_WARN_UNGUARDED_AVAILABILITY = YES_AGGRESSIVE;
				CLANG_WARN_UNREACHABLE_CODE = YES;
				CLANG_WARN__DUPLICATE_METHOD_MATCH = YES;
				COPY_PHASE_STRIP = NO;
				DEBUG_INFORMATION_FORMAT = dwarf;
				ENABLE_STRICT_OBJC_MSGSEND = YES;
				ENABLE_TESTABILITY = YES;
				GCC_C_LANGUAGE_STANDARD = gnu11;
				GCC_DYNAMIC_NO_PIC = NO;
				GCC_NO_COMMON_BLOCKS = YES;
				GCC_OPTIMIZATION_LEVEL = 0;
				GCC_PREPROCESSOR_DEFINITIONS = (
					"$(inherited)",
					"DEBUG=1",
				);
				GCC_WARN_64_TO_32_BIT_CONVERSION = YES;
				GCC_WARN_ABOUT_RETURN_TYPE = YES_ERROR;
				GCC_WARN_UNDECLARED_SELECTOR = YES;
				GCC_WARN_UNINITIALIZED_AUTOS = YES_AGGRESSIVE;
				GCC_WARN_UNUSED_FUNCTION = YES;
				GCC_WARN_UNUSED_VARIABLE = YES;
				IPHONEOS_DEPLOYMENT_TARGET = 26.0;
				MACOSX_DEPLOYMENT_TARGET = 26.0;
				MTL_ENABLE_DEBUG_INFO = INCLUDE_SOURCE;
				MTL_FAST_MATH = YES;
				ONLY_ACTIVE_ARCH = YES;
				PRODUCT_NAME = "$(TARGET_NAME)";
				SWIFT_ACTIVE_COMPILATION_CONDITIONS = DEBUG;
				SWIFT_OPTIMIZATION_LEVEL = "-Onone";
				SWIFT_VERSION = 6.0;
			};
			name = Debug;
		};
		F39175BE0F53EEF761884869 /* Release */ = {
			isa = XCBuildConfiguration;
			buildSettings = {
				ASSETCATALOG_COMPILER_APPICON_NAME = AppIcon;
				CODE_SIGN_ALLOW_ENTITLEMENTS_MODIFICATION = YES;
				CODE_SIGN_IDENTITY = "Apple Development";
				COMBINE_HIDPI_IMAGES = YES;
				CURRENT_PROJECT_VERSION = 1;
				DEVELOPMENT_TEAM = 32XZRDTGK3;
				ENABLE_APP_SANDBOX = NO;
				INFOPLIST_FILE = AgentBoard/Info.plist;
				LD_RUNPATH_SEARCH_PATHS = (
					"$(inherited)",
					"@executable_path/../Frameworks",
				);
				MACOSX_DEPLOYMENT_TARGET = 26.0;
				MARKETING_VERSION = 0.1.0;
				PRODUCT_BUNDLE_IDENTIFIER = com.agentboard.AgentBoard;
				SDKROOT = macosx;
				SWIFT_COMPILATION_MODE = wholemodule;
				SWIFT_STRICT_CONCURRENCY = complete;
				SWIFT_VERSION = 6.0;
			};
			name = Release;
		};
/* End XCBuildConfiguration section */

/* Begin XCConfigurationList section */
		10C8E641A539E5705C444269 /* Build configuration list for PBXNativeTarget "AgentBoardCore" */ = {
			isa = XCConfigurationList;
			buildConfigurations = (
				5FB2C4C12B84ED55DE82E98C /* Debug */,
				CBED311C3538AF5AF3F9EF19 /* Release */,
			);
			defaultConfigurationIsVisible = 0;
			defaultConfigurationName = Debug;
		};
		238C8BF2C09AC705C9A7D9C9 /* Build configuration list for PBXNativeTarget "AgentBoardTests" */ = {
			isa = XCConfigurationList;
			buildConfigurations = (
				0F3234BE49033E25D9397CB9 /* Debug */,
				4DB58CB88351873723B6C793 /* Release */,
			);
			defaultConfigurationIsVisible = 0;
			defaultConfigurationName = Debug;
		};
		243AA888E6F0AC123A34636C /* Build configuration list for PBXProject "AgentBoard" */ = {
			isa = XCConfigurationList;
			buildConfigurations = (
				E53B8EEC851C36F4018BDD0A /* Debug */,
				9449B6B7720D70930DA1859F /* Release */,
			);
			defaultConfigurationIsVisible = 0;
			defaultConfigurationName = Debug;
		};
		293E3EBC1FA4B53A86F48D21 /* Build configuration list for PBXNativeTarget "AgentBoardCompanionKit" */ = {
			isa = XCConfigurationList;
			buildConfigurations = (
				B033BFFBAD7111835B8878D6 /* Debug */,
				CECC89CA47736C99035309D1 /* Release */,
			);
			defaultConfigurationIsVisible = 0;
			defaultConfigurationName = Debug;
		};
		375C9F20223BB66F96C67790 /* Build configuration list for PBXNativeTarget "AgentBoard" */ = {
			isa = XCConfigurationList;
			buildConfigurations = (
				32144CA16D61C4DE713B72F0 /* Debug */,
				F39175BE0F53EEF761884869 /* Release */,
			);
			defaultConfigurationIsVisible = 0;
			defaultConfigurationName = Debug;
		};
		A2ADC92DD557DD82895D77C8 /* Build configuration list for PBXNativeTarget "AgentBoardCompanion" */ = {
			isa = XCConfigurationList;
			buildConfigurations = (
				50444FE341951F6AE5CA2353 /* Debug */,
				44C4D1F7969C59A3505F8D10 /* Release */,
			);
			defaultConfigurationIsVisible = 0;
			defaultConfigurationName = Debug;
		};
		FABE5840725DACE31AD12DB4 /* Build configuration list for PBXNativeTarget "AgentBoardMobile" */ = {
			isa = XCConfigurationList;
			buildConfigurations = (
				7A29CDF00D275A09FA1C3C26 /* Debug */,
				78BF91B0270262817B2E6870 /* Release */,
			);
			defaultConfigurationIsVisible = 0;
			defaultConfigurationName = Debug;
		};
/* End XCConfigurationList section */

/* Begin XCRemoteSwiftPackageReference section */
		8A42E6F6CCF27450821E497E /* XCRemoteSwiftPackageReference "SwiftTerm" */ = {
			isa = XCRemoteSwiftPackageReference;
			repositoryURL = "https://github.com/migueldeicaza/SwiftTerm";
			requirement = {
				kind = upToNextMajorVersion;
				minimumVersion = 1.10.0;
			};
		};
		D04429BB4AFEDD9352E7C3BF /* XCRemoteSwiftPackageReference "Nuke" */ = {
			isa = XCRemoteSwiftPackageReference;
			repositoryURL = "https://github.com/kean/Nuke";
			requirement = {
				kind = upToNextMajorVersion;
				minimumVersion = 12.0.0;
			};
		};
/* End XCRemoteSwiftPackageReference section */

/* Begin XCSwiftPackageProductDependency section */
		28BE44876742C1F619FDD2CA /* NukeUI */ = {
			isa = XCSwiftPackageProductDependency;
			package = D04429BB4AFEDD9352E7C3BF /* XCRemoteSwiftPackageReference "Nuke" */;
			productName = NukeUI;
		};
		8E67F37D82C33338077E4371 /* Nuke */ = {
			isa = XCSwiftPackageProductDependency;
			package = D04429BB4AFEDD9352E7C3BF /* XCRemoteSwiftPackageReference "Nuke" */;
			productName = Nuke;
		};
		AA403A62FC0CC3B341A2D00B /* NukeUI */ = {
			isa = XCSwiftPackageProductDependency;
			package = D04429BB4AFEDD9352E7C3BF /* XCRemoteSwiftPackageReference "Nuke" */;
			productName = NukeUI;
		};
		AA65C204A6A99CEBA3E4B8C4 /* SwiftTerm */ = {
			isa = XCSwiftPackageProductDependency;
			package = 8A42E6F6CCF27450821E497E /* XCRemoteSwiftPackageReference "SwiftTerm" */;
			productName = SwiftTerm;
		};
		AD7CA2BAC6FD5DFD28FC0BCD /* Nuke */ = {
			isa = XCSwiftPackageProductDependency;
			package = D04429BB4AFEDD9352E7C3BF /* XCRemoteSwiftPackageReference "Nuke" */;
			productName = Nuke;
		};
/* End XCSwiftPackageProductDependency section */
	};
	rootObject = 6CFA7F86B313B0C9467883C0 /* Project object */;
}
